// !$*UTF8*$!
{
	archiveVersion = 1;
	classes = {
	};
	objectVersion = 42;
	objects = {

/* Begin PBXBuildFile section */
		3797F71611308E52006F6055 /* Occlusion.cpp in Sources */ = {isa = PBXBuildFile; fileRef = 3797F70711308E2C006F6055 /* Occlusion.cpp */; };
		3797F71711308E52006F6055 /* PlaySwarm.cpp in Sources */ = {isa = PBXBuildFile; fileRef = 3797F70911308E2C006F6055 /* PlaySwarm.cpp */; };
		3797F740113094ED006F6055 /* libMT_Core.a in Frameworks */ = {isa = PBXBuildFile; fileRef = 3797F73E113094ED006F6055 /* libMT_Core.a */; };
		3797F741113094ED006F6055 /* libMT_GUI.a in Frameworks */ = {isa = PBXBuildFile; fileRef = 3797F73F113094ED006F6055 /* libMT_GUI.a */; };
		3797F74311309509006F6055 /* libwx_mac_static.a in Frameworks */ = {isa = PBXBuildFile; fileRef = 3797F74211309509006F6055 /* libwx_mac_static.a */; };
		3797F7471130954F006F6055 /* AGL.framework in Frameworks */ = {isa = PBXBuildFile; fileRef = 3797F7461130954F006F6055 /* AGL.framework */; };
		3797F7491130954F006F6055 /* OpenGL.framework in Frameworks */ = {isa = PBXBuildFile; fileRef = 3797F7481130954F006F6055 /* OpenGL.framework */; };
		3797F74B1130954F006F6055 /* QuickTime.framework in Frameworks */ = {isa = PBXBuildFile; fileRef = 3797F74A1130954F006F6055 /* QuickTime.framework */; };
		3797F7531130955D006F6055 /* OpenCV.framework in Frameworks */ = {isa = PBXBuildFile; fileRef = 3797F7521130955D006F6055 /* OpenCV.framework */; };
		3797F783113095CC006F6055 /* AppKit.framework in Frameworks */ = {isa = PBXBuildFile; fileRef = 3797F782113095CC006F6055 /* AppKit.framework */; };
		3797F785113095CC006F6055 /* Carbon.framework in Frameworks */ = {isa = PBXBuildFile; fileRef = 3797F784113095CC006F6055 /* Carbon.framework */; };
		3797F787113095CC006F6055 /* IOKit.framework in Frameworks */ = {isa = PBXBuildFile; fileRef = 3797F786113095CC006F6055 /* IOKit.framework */; };
		3797F789113095EA006F6055 /* libiconv.dylib in Frameworks */ = {isa = PBXBuildFile; fileRef = 3797F788113095EA006F6055 /* libiconv.dylib */; };
		3797F78B113095EA006F6055 /* libz.dylib in Frameworks */ = {isa = PBXBuildFile; fileRef = 3797F78A113095EA006F6055 /* libz.dylib */; };
		3797F7F11130973B006F6055 /* OpenCV.framework in CopyFiles */ = {isa = PBXBuildFile; fileRef = 3797F7521130955D006F6055 /* OpenCV.framework */; };
		3797F7F6113097C9006F6055 /* PlaySwarm.icns in Resources */ = {isa = PBXBuildFile; fileRef = 3797F70211308E2C006F6055 /* PlaySwarm.icns */; };
/* End PBXBuildFile section */

/* Begin PBXCopyFilesBuildPhase section */
		3797F7F311309759006F6055 /* CopyFiles */ = {
			isa = PBXCopyFilesBuildPhase;
			buildActionMask = 2147483647;
			dstPath = "";
			dstSubfolderSpec = 10;
			files = (
				3797F7F11130973B006F6055 /* OpenCV.framework in CopyFiles */,
			);
			runOnlyForDeploymentPostprocessing = 0;
		};
/* End PBXCopyFilesBuildPhase section */

/* Begin PBXFileReference section */
		3797F70211308E2C006F6055 /* PlaySwarm.icns */ = {isa = PBXFileReference; lastKnownFileType = image.icns; path = PlaySwarm.icns; sourceTree = "<group>"; };
		3797F70311308E2C006F6055 /* PlaySwarmCheatSheet.txt */ = {isa = PBXFileReference; fileEncoding = 4; lastKnownFileType = text; path = PlaySwarmCheatSheet.txt; sourceTree = "<group>"; };
		3797F70411308E2C006F6055 /* PlaySwarmUsage.txt */ = {isa = PBXFileReference; fileEncoding = 4; lastKnownFileType = text; path = PlaySwarmUsage.txt; sourceTree = "<group>"; };
		3797F70511308E2C006F6055 /* Readme-PlaySwarmOSX.txt */ = {isa = PBXFileReference; fileEncoding = 4; lastKnownFileType = text; path = "Readme-PlaySwarmOSX.txt"; sourceTree = "<group>"; };
		3797F70711308E2C006F6055 /* Occlusion.cpp */ = {isa = PBXFileReference; fileEncoding = 4; lastKnownFileType = sourcecode.cpp.cpp; path = Occlusion.cpp; sourceTree = "<group>"; };
		3797F70811308E2C006F6055 /* Occlusion.h */ = {isa = PBXFileReference; fileEncoding = 4; lastKnownFileType = sourcecode.c.h; path = Occlusion.h; sourceTree = "<group>"; };
		3797F70911308E2C006F6055 /* PlaySwarm.cpp */ = {isa = PBXFileReference; fileEncoding = 4; lastKnownFileType = sourcecode.cpp.cpp; path = PlaySwarm.cpp; sourceTree = "<group>"; };
		3797F70A11308E2C006F6055 /* PlaySwarm.h */ = {isa = PBXFileReference; fileEncoding = 4; lastKnownFileType = sourcecode.c.h; path = PlaySwarm.h; sourceTree = "<group>"; };
		3797F70F11308E3A006F6055 /* PlaySwarm.app */ = {isa = PBXFileReference; explicitFileType = wrapper.application; includeInIndex = 0; path = PlaySwarm.app; sourceTree = BUILT_PRODUCTS_DIR; };
		3797F71211308E3A006F6055 /* PlaySwarm-Info.plist */ = {isa = PBXFileReference; lastKnownFileType = text.plist.xml; path = "PlaySwarm-Info.plist"; sourceTree = "<group>"; };
		3797F73E113094ED006F6055 /* libMT_Core.a */ = {isa = PBXFileReference; lastKnownFileType = archive.ar; name = libMT_Core.a; path = ../../lib/libMT_Core.a; sourceTree = SOURCE_ROOT; };
		3797F73F113094ED006F6055 /* libMT_GUI.a */ = {isa = PBXFileReference; lastKnownFileType = archive.ar; name = libMT_GUI.a; path = ../../lib/libMT_GUI.a; sourceTree = SOURCE_ROOT; };
		3797F74211309509006F6055 /* libwx_mac_static.a */ = {isa = PBXFileReference; lastKnownFileType = archive.ar; name = libwx_mac_static.a; path = ../../../../wxLib/lib/libwx_mac_static.a; sourceTree = SOURCE_ROOT; };
		3797F7461130954F006F6055 /* AGL.framework */ = {isa = PBXFileReference; lastKnownFileType = wrapper.framework; name = AGL.framework; path = /System/Library/Frameworks/AGL.framework; sourceTree = "<absolute>"; };
		3797F7481130954F006F6055 /* OpenGL.framework */ = {isa = PBXFileReference; lastKnownFileType = wrapper.framework; name = OpenGL.framework; path = /System/Library/Frameworks/OpenGL.framework; sourceTree = "<absolute>"; };
		3797F74A1130954F006F6055 /* QuickTime.framework */ = {isa = PBXFileReference; lastKnownFileType = wrapper.framework; name = QuickTime.framework; path = /System/Library/Frameworks/QuickTime.framework; sourceTree = "<absolute>"; };
		3797F7521130955D006F6055 /* OpenCV.framework */ = {isa = PBXFileReference; lastKnownFileType = wrapper.framework; name = OpenCV.framework; path = ../../OpenCV.framework; sourceTree = SOURCE_ROOT; };
		3797F782113095CC006F6055 /* AppKit.framework */ = {isa = PBXFileReference; lastKnownFileType = wrapper.framework; name = AppKit.framework; path = /System/Library/Frameworks/AppKit.framework; sourceTree = "<absolute>"; };
		3797F784113095CC006F6055 /* Carbon.framework */ = {isa = PBXFileReference; lastKnownFileType = wrapper.framework; name = Carbon.framework; path = /System/Library/Frameworks/Carbon.framework; sourceTree = "<absolute>"; };
		3797F786113095CC006F6055 /* IOKit.framework */ = {isa = PBXFileReference; lastKnownFileType = wrapper.framework; name = IOKit.framework; path = /System/Library/Frameworks/IOKit.framework; sourceTree = "<absolute>"; };
		3797F788113095EA006F6055 /* libiconv.dylib */ = {isa = PBXFileReference; lastKnownFileType = "compiled.mach-o.dylib"; name = libiconv.dylib; path = /usr/lib/libiconv.dylib; sourceTree = "<absolute>"; };
		3797F78A113095EA006F6055 /* libz.dylib */ = {isa = PBXFileReference; lastKnownFileType = "compiled.mach-o.dylib"; name = libz.dylib; path = /usr/lib/libz.dylib; sourceTree = "<absolute>"; };
/* End PBXFileReference section */

/* Begin PBXFrameworksBuildPhase section */
		3797F70D11308E3A006F6055 /* Frameworks */ = {
			isa = PBXFrameworksBuildPhase;
			buildActionMask = 2147483647;
			files = (
				3797F740113094ED006F6055 /* libMT_Core.a in Frameworks */,
				3797F741113094ED006F6055 /* libMT_GUI.a in Frameworks */,
				3797F74311309509006F6055 /* libwx_mac_static.a in Frameworks */,
				3797F7471130954F006F6055 /* AGL.framework in Frameworks */,
				3797F7491130954F006F6055 /* OpenGL.framework in Frameworks */,
				3797F74B1130954F006F6055 /* QuickTime.framework in Frameworks */,
				3797F7531130955D006F6055 /* OpenCV.framework in Frameworks */,
				3797F783113095CC006F6055 /* AppKit.framework in Frameworks */,
				3797F785113095CC006F6055 /* Carbon.framework in Frameworks */,
				3797F787113095CC006F6055 /* IOKit.framework in Frameworks */,
				3797F789113095EA006F6055 /* libiconv.dylib in Frameworks */,
				3797F78B113095EA006F6055 /* libz.dylib in Frameworks */,
			);
			runOnlyForDeploymentPostprocessing = 0;
		};
/* End PBXFrameworksBuildPhase section */

/* Begin PBXGroup section */
		3797F6E811308DDF006F6055 = {
			isa = PBXGroup;
			children = (
				3797F7521130955D006F6055 /* OpenCV.framework */,
				3797F74211309509006F6055 /* libwx_mac_static.a */,
				3797F73E113094ED006F6055 /* libMT_Core.a */,
				3797F73F113094ED006F6055 /* libMT_GUI.a */,
				3797F70111308E2C006F6055 /* resources */,
				3797F70611308E2C006F6055 /* src */,
				3797F71011308E3A006F6055 /* Products */,
				3797F71211308E3A006F6055 /* PlaySwarm-Info.plist */,
				3797F7461130954F006F6055 /* AGL.framework */,
				3797F7481130954F006F6055 /* OpenGL.framework */,
				3797F74A1130954F006F6055 /* QuickTime.framework */,
				3797F782113095CC006F6055 /* AppKit.framework */,
				3797F784113095CC006F6055 /* Carbon.framework */,
				3797F786113095CC006F6055 /* IOKit.framework */,
				3797F788113095EA006F6055 /* libiconv.dylib */,
				3797F78A113095EA006F6055 /* libz.dylib */,
			);
			sourceTree = "<group>";
		};
		3797F70111308E2C006F6055 /* resources */ = {
			isa = PBXGroup;
			children = (
				3797F70211308E2C006F6055 /* PlaySwarm.icns */,
				3797F70311308E2C006F6055 /* PlaySwarmCheatSheet.txt */,
				3797F70411308E2C006F6055 /* PlaySwarmUsage.txt */,
				3797F70511308E2C006F6055 /* Readme-PlaySwarmOSX.txt */,
			);
			path = resources;
			sourceTree = "<group>";
		};
		3797F70611308E2C006F6055 /* src */ = {
			isa = PBXGroup;
			children = (
				3797F70711308E2C006F6055 /* Occlusion.cpp */,
				3797F70811308E2C006F6055 /* Occlusion.h */,
				3797F70911308E2C006F6055 /* PlaySwarm.cpp */,
				3797F70A11308E2C006F6055 /* PlaySwarm.h */,
			);
			path = src;
			sourceTree = "<group>";
		};
		3797F71011308E3A006F6055 /* Products */ = {
			isa = PBXGroup;
			children = (
				3797F70F11308E3A006F6055 /* PlaySwarm.app */,
			);
			name = Products;
			sourceTree = "<group>";
		};
/* End PBXGroup section */

/* Begin PBXNativeTarget section */
		3797F70E11308E3A006F6055 /* PlaySwarm */ = {
			isa = PBXNativeTarget;
			buildConfigurationList = 3797F71511308E3B006F6055 /* Build configuration list for PBXNativeTarget "PlaySwarm" */;
			buildPhases = (
				3797F70B11308E3A006F6055 /* Resources */,
				3797F70C11308E3A006F6055 /* Sources */,
				3797F70D11308E3A006F6055 /* Frameworks */,
				3797F7F311309759006F6055 /* CopyFiles */,
			);
			buildRules = (
			);
			dependencies = (
			);
			name = PlaySwarm;
			productName = PlaySwarm;
			productReference = 3797F70F11308E3A006F6055 /* PlaySwarm.app */;
			productType = "com.apple.product-type.application";
		};
/* End PBXNativeTarget section */

/* Begin PBXProject section */
		3797F6EA11308DDF006F6055 /* Project object */ = {
			isa = PBXProject;
			buildConfigurationList = 3797F6ED11308DDF006F6055 /* Build configuration list for PBXProject "PlaySwarm" */;
			compatibilityVersion = "Xcode 2.4";
			hasScannedForEncodings = 0;
			mainGroup = 3797F6E811308DDF006F6055;
			productRefGroup = 3797F71011308E3A006F6055 /* Products */;
			projectDirPath = "";
			projectRoot = "";
			targets = (
				3797F70E11308E3A006F6055 /* PlaySwarm */,
			);
		};
/* End PBXProject section */

/* Begin PBXResourcesBuildPhase section */
		3797F70B11308E3A006F6055 /* Resources */ = {
			isa = PBXResourcesBuildPhase;
			buildActionMask = 2147483647;
			files = (
				3797F7F6113097C9006F6055 /* PlaySwarm.icns in Resources */,
			);
			runOnlyForDeploymentPostprocessing = 0;
		};
/* End PBXResourcesBuildPhase section */

/* Begin PBXSourcesBuildPhase section */
		3797F70C11308E3A006F6055 /* Sources */ = {
			isa = PBXSourcesBuildPhase;
			buildActionMask = 2147483647;
			files = (
				3797F71611308E52006F6055 /* Occlusion.cpp in Sources */,
				3797F71711308E52006F6055 /* PlaySwarm.cpp in Sources */,
			);
			runOnlyForDeploymentPostprocessing = 0;
		};
/* End PBXSourcesBuildPhase section */

/* Begin XCBuildConfiguration section */
		3797F6EB11308DDF006F6055 /* Debug */ = {
			isa = XCBuildConfiguration;
			buildSettings = {
				COPY_PHASE_STRIP = NO;
			};
			name = Debug;
		};
		3797F6EC11308DDF006F6055 /* Release */ = {
			isa = XCBuildConfiguration;
			buildSettings = {
				COPY_PHASE_STRIP = YES;
			};
			name = Release;
		};
		3797F71311308E3B006F6055 /* Debug */ = {
			isa = XCBuildConfiguration;
			buildSettings = {
				ALWAYS_SEARCH_USER_PATHS = NO;
				COPY_PHASE_STRIP = NO;
				FRAMEWORK_SEARCH_PATHS = (
					"$(inherited)",
					"$(FRAMEWORK_SEARCH_PATHS_QUOTED_FOR_TARGET_1)",
				);
				FRAMEWORK_SEARCH_PATHS_QUOTED_FOR_TARGET_1 = "\"$(SRCROOT)/../..\"";
				GCC_DYNAMIC_NO_PIC = NO;
				GCC_ENABLE_FIX_AND_CONTINUE = YES;
				GCC_MODEL_TUNING = G5;
				GCC_OPTIMIZATION_LEVEL = 0;
				GCC_PRECOMPILE_PREFIX_HEADER = YES;
				GCC_PREFIX_HEADER = "$(SYSTEM_LIBRARY_DIR)/Frameworks/Carbon.framework/Headers/Carbon.h";
				HEADER_SEARCH_PATHS = "~/src/wxLib/include";
				INFOPLIST_FILE = "PlaySwarm-Info.plist";
				INSTALL_PATH = "$(HOME)/Applications";
				LIBRARY_SEARCH_PATHS = (
					"$(inherited)",
					"$(LIBRARY_SEARCH_PATHS_QUOTED_FOR_TARGET_1)",
					"$(LIBRARY_SEARCH_PATHS_QUOTED_FOR_TARGET_2)",
				);
				LIBRARY_SEARCH_PATHS_QUOTED_FOR_TARGET_1 = "\"$(SRCROOT)/../../lib\"";
				LIBRARY_SEARCH_PATHS_QUOTED_FOR_TARGET_2 = "\"$(SRCROOT)/../../../../wxLib/lib\"";
				OTHER_LDFLAGS = (
					"-framework",
					Carbon,
				);
				PREBINDING = NO;
				PRODUCT_NAME = PlaySwarm;
				USER_HEADER_SEARCH_PATHS = ../../include;
			};
			name = Debug;
		};
		3797F71411308E3B006F6055 /* Release */ = {
			isa = XCBuildConfiguration;
			buildSettings = {
				ALWAYS_SEARCH_USER_PATHS = NO;
				COPY_PHASE_STRIP = YES;
				DEBUG_INFORMATION_FORMAT = "dwarf-with-dsym";
				FRAMEWORK_SEARCH_PATHS = (
					"$(inherited)",
					"$(FRAMEWORK_SEARCH_PATHS_QUOTED_FOR_TARGET_1)",
				);
				FRAMEWORK_SEARCH_PATHS_QUOTED_FOR_TARGET_1 = "\"$(SRCROOT)/../..\"";
				GCC_ENABLE_FIX_AND_CONTINUE = NO;
				GCC_MODEL_TUNING = G5;
				GCC_PRECOMPILE_PREFIX_HEADER = YES;
				GCC_PREFIX_HEADER = "$(SYSTEM_LIBRARY_DIR)/Frameworks/Carbon.framework/Headers/Carbon.h";
				HEADER_SEARCH_PATHS = "~/src/wxLib/include";
				INFOPLIST_FILE = "PlaySwarm-Info.plist";
				INSTALL_PATH = "$(HOME)/Applications";
				LIBRARY_SEARCH_PATHS = (
					"$(inherited)",
					"$(LIBRARY_SEARCH_PATHS_QUOTED_FOR_TARGET_1)",
					"$(LIBRARY_SEARCH_PATHS_QUOTED_FOR_TARGET_2)",
				);
				LIBRARY_SEARCH_PATHS_QUOTED_FOR_TARGET_1 = "\"$(SRCROOT)/../../lib\"";
				LIBRARY_SEARCH_PATHS_QUOTED_FOR_TARGET_2 = "\"$(SRCROOT)/../../../../wxLib/lib\"";
				OTHER_LDFLAGS = (
					"-framework",
					Carbon,
				);
				PREBINDING = NO;
				PRODUCT_NAME = PlaySwarm;
				USER_HEADER_SEARCH_PATHS = ../../include;
				ZERO_LINK = NO;
			};
			name = Release;
		};
/* End XCBuildConfiguration section */

/* Begin XCConfigurationList section */
		3797F6ED11308DDF006F6055 /* Build configuration list for PBXProject "PlaySwarm" */ = {
			isa = XCConfigurationList;
			buildConfigurations = (
				3797F6EB11308DDF006F6055 /* Debug */,
				3797F6EC11308DDF006F6055 /* Release */,
			);
			defaultConfigurationIsVisible = 0;
			defaultConfigurationName = Release;
		};
		3797F71511308E3B006F6055 /* Build configuration list for PBXNativeTarget "PlaySwarm" */ = {
			isa = XCConfigurationList;
			buildConfigurations = (
				3797F71311308E3B006F6055 /* Debug */,
				3797F71411308E3B006F6055 /* Release */,
			);
			defaultConfigurationIsVisible = 0;
			defaultConfigurationName = Release;
		};
/* End XCConfigurationList section */
	};
	rootObject = 3797F6EA11308DDF006F6055 /* Project object */;
}
