// !$*UTF8*$!
{
	archiveVersion = 1;
	classes = {
	};
	objectVersion = 42;
	objects = {

/* Begin PBXBuildFile section */
		3797FB6211318023006F6055 /* SampleTrackerGY.cpp in Sources */ = {isa = PBXBuildFile; fileRef = 3797FB5511317FEF006F6055 /* SampleTrackerGY.cpp */; };
		3797FB631131802B006F6055 /* Segmenter.icns in Resources */ = {isa = PBXBuildFile; fileRef = 3797FB5311317FEF006F6055 /* Segmenter.icns */; };
		3797FB7011318E37006F6055 /* AGL.framework in Frameworks */ = {isa = PBXBuildFile; fileRef = 3797FB6F11318E37006F6055 /* AGL.framework */; };
		3797FB7211318E37006F6055 /* AppKit.framework in Frameworks */ = {isa = PBXBuildFile; fileRef = 3797FB7111318E37006F6055 /* AppKit.framework */; };
		3797FB7411318E37006F6055 /* Carbon.framework in Frameworks */ = {isa = PBXBuildFile; fileRef = 3797FB7311318E37006F6055 /* Carbon.framework */; };
		3797FB7611318E37006F6055 /* IOKit.framework in Frameworks */ = {isa = PBXBuildFile; fileRef = 3797FB7511318E37006F6055 /* IOKit.framework */; };
		3797FB7811318E37006F6055 /* OpenGL.framework in Frameworks */ = {isa = PBXBuildFile; fileRef = 3797FB7711318E37006F6055 /* OpenGL.framework */; };
		3797FB7A11318E37006F6055 /* libiconv.dylib in Frameworks */ = {isa = PBXBuildFile; fileRef = 3797FB7911318E37006F6055 /* libiconv.dylib */; };
		3797FB7C11318E37006F6055 /* libz.dylib in Frameworks */ = {isa = PBXBuildFile; fileRef = 3797FB7B11318E37006F6055 /* libz.dylib */; };
		3797FB8011318E4C006F6055 /* libMT_Core.a in Frameworks */ = {isa = PBXBuildFile; fileRef = 3797FB7D11318E4C006F6055 /* libMT_Core.a */; };
		3797FB8111318E4C006F6055 /* libMT_GUI.a in Frameworks */ = {isa = PBXBuildFile; fileRef = 3797FB7E11318E4C006F6055 /* libMT_GUI.a */; };
		3797FB8211318E4C006F6055 /* libMT_Tracking.a in Frameworks */ = {isa = PBXBuildFile; fileRef = 3797FB7F11318E4C006F6055 /* libMT_Tracking.a */; };
		3797FB8411318E5B006F6055 /* OpenCV.framework in Frameworks */ = {isa = PBXBuildFile; fileRef = 3797FB8311318E5B006F6055 /* OpenCV.framework */; };
		3797FB8711318E6E006F6055 /* libAR.a in Frameworks */ = {isa = PBXBuildFile; fileRef = 3797FB8511318E6E006F6055 /* libAR.a */; };
		3797FB8811318E6E006F6055 /* libARvideo.a in Frameworks */ = {isa = PBXBuildFile; fileRef = 3797FB8611318E6E006F6055 /* libARvideo.a */; };
		3797FB8A11318E7F006F6055 /* libwx_mac_static.a in Frameworks */ = {isa = PBXBuildFile; fileRef = 3797FB8911318E7F006F6055 /* libwx_mac_static.a */; };
		3797FB8D11318F09006F6055 /* QuickTime.framework in Frameworks */ = {isa = PBXBuildFile; fileRef = 3797FB8C11318F09006F6055 /* QuickTime.framework */; };
/* End PBXBuildFile section */

/* Begin PBXFileReference section */
		3797FB5311317FEF006F6055 /* Segmenter.icns */ = {isa = PBXFileReference; lastKnownFileType = image.icns; path = Segmenter.icns; sourceTree = "<group>"; };
		3797FB5511317FEF006F6055 /* SampleTrackerGY.cpp */ = {isa = PBXFileReference; fileEncoding = 4; lastKnownFileType = sourcecode.cpp.cpp; path = SampleTrackerGY.cpp; sourceTree = "<group>"; };
		3797FB5611317FEF006F6055 /* SampleTrackerGY.h */ = {isa = PBXFileReference; fileEncoding = 4; lastKnownFileType = sourcecode.c.h; path = SampleTrackerGY.h; sourceTree = "<group>"; };
		3797FB5B11318009006F6055 /* SampleTrackerGY.app */ = {isa = PBXFileReference; explicitFileType = wrapper.application; includeInIndex = 0; path = SampleTrackerGY.app; sourceTree = BUILT_PRODUCTS_DIR; };
		3797FB5E11318009006F6055 /* SampleTrackerGY-Info.plist */ = {isa = PBXFileReference; lastKnownFileType = text.plist.xml; path = "SampleTrackerGY-Info.plist"; sourceTree = "<group>"; };
		3797FB6F11318E37006F6055 /* AGL.framework */ = {isa = PBXFileReference; lastKnownFileType = wrapper.framework; name = AGL.framework; path = /System/Library/Frameworks/AGL.framework; sourceTree = "<absolute>"; };
		3797FB7111318E37006F6055 /* AppKit.framework */ = {isa = PBXFileReference; lastKnownFileType = wrapper.framework; name = AppKit.framework; path = /System/Library/Frameworks/AppKit.framework; sourceTree = "<absolute>"; };
		3797FB7311318E37006F6055 /* Carbon.framework */ = {isa = PBXFileReference; lastKnownFileType = wrapper.framework; name = Carbon.framework; path = /System/Library/Frameworks/Carbon.framework; sourceTree = "<absolute>"; };
		3797FB7511318E37006F6055 /* IOKit.framework */ = {isa = PBXFileReference; lastKnownFileType = wrapper.framework; name = IOKit.framework; path = /System/Library/Frameworks/IOKit.framework; sourceTree = "<absolute>"; };
		3797FB7711318E37006F6055 /* OpenGL.framework */ = {isa = PBXFileReference; lastKnownFileType = wrapper.framework; name = OpenGL.framework; path = /System/Library/Frameworks/OpenGL.framework; sourceTree = "<absolute>"; };
		3797FB7911318E37006F6055 /* libiconv.dylib */ = {isa = PBXFileReference; lastKnownFileType = "compiled.mach-o.dylib"; name = libiconv.dylib; path = /usr/lib/libiconv.dylib; sourceTree = "<absolute>"; };
		3797FB7B11318E37006F6055 /* libz.dylib */ = {isa = PBXFileReference; lastKnownFileType = "compiled.mach-o.dylib"; name = libz.dylib; path = /usr/lib/libz.dylib; sourceTree = "<absolute>"; };
		3797FB7D11318E4C006F6055 /* libMT_Core.a */ = {isa = PBXFileReference; lastKnownFileType = archive.ar; name = libMT_Core.a; path = ../../lib/libMT_Core.a; sourceTree = SOURCE_ROOT; };
		3797FB7E11318E4C006F6055 /* libMT_GUI.a */ = {isa = PBXFileReference; lastKnownFileType = archive.ar; name = libMT_GUI.a; path = ../../lib/libMT_GUI.a; sourceTree = SOURCE_ROOT; };
		3797FB7F11318E4C006F6055 /* libMT_Tracking.a */ = {isa = PBXFileReference; lastKnownFileType = archive.ar; name = libMT_Tracking.a; path = ../../lib/libMT_Tracking.a; sourceTree = SOURCE_ROOT; };
		3797FB8311318E5B006F6055 /* OpenCV.framework */ = {isa = PBXFileReference; lastKnownFileType = wrapper.framework; name = OpenCV.framework; path = ../../OpenCV.framework; sourceTree = SOURCE_ROOT; };
		3797FB8511318E6E006F6055 /* libAR.a */ = {isa = PBXFileReference; lastKnownFileType = archive.ar; name = libAR.a; path = ../../../../ARlib/lib/libAR.a; sourceTree = SOURCE_ROOT; };
		3797FB8611318E6E006F6055 /* libARvideo.a */ = {isa = PBXFileReference; lastKnownFileType = archive.ar; name = libARvideo.a; path = ../../../../ARlib/lib/libARvideo.a; sourceTree = SOURCE_ROOT; };
		3797FB8911318E7F006F6055 /* libwx_mac_static.a */ = {isa = PBXFileReference; lastKnownFileType = archive.ar; name = libwx_mac_static.a; path = ../../../../wxLib/lib/libwx_mac_static.a; sourceTree = SOURCE_ROOT; };
		3797FB8C11318F09006F6055 /* QuickTime.framework */ = {isa = PBXFileReference; lastKnownFileType = wrapper.framework; name = QuickTime.framework; path = /System/Library/Frameworks/QuickTime.framework; sourceTree = "<absolute>"; };
/* End PBXFileReference section */

/* Begin PBXFrameworksBuildPhase section */
		3797FB5911318009006F6055 /* Frameworks */ = {
			isa = PBXFrameworksBuildPhase;
			buildActionMask = 2147483647;
			files = (
				3797FB7011318E37006F6055 /* AGL.framework in Frameworks */,
				3797FB7211318E37006F6055 /* AppKit.framework in Frameworks */,
				3797FB7411318E37006F6055 /* Carbon.framework in Frameworks */,
				3797FB7611318E37006F6055 /* IOKit.framework in Frameworks */,
				3797FB7811318E37006F6055 /* OpenGL.framework in Frameworks */,
				3797FB7A11318E37006F6055 /* libiconv.dylib in Frameworks */,
				3797FB7C11318E37006F6055 /* libz.dylib in Frameworks */,
				3797FB8011318E4C006F6055 /* libMT_Core.a in Frameworks */,
				3797FB8111318E4C006F6055 /* libMT_GUI.a in Frameworks */,
				3797FB8211318E4C006F6055 /* libMT_Tracking.a in Frameworks */,
				3797FB8411318E5B006F6055 /* OpenCV.framework in Frameworks */,
				3797FB8711318E6E006F6055 /* libAR.a in Frameworks */,
				3797FB8811318E6E006F6055 /* libARvideo.a in Frameworks */,
				3797FB8A11318E7F006F6055 /* libwx_mac_static.a in Frameworks */,
				3797FB8D11318F09006F6055 /* QuickTime.framework in Frameworks */,
			);
			runOnlyForDeploymentPostprocessing = 0;
		};
/* End PBXFrameworksBuildPhase section */

/* Begin PBXGroup section */
		3797FB3911317F9C006F6055 = {
			isa = PBXGroup;
			children = (
				3797FB8911318E7F006F6055 /* libwx_mac_static.a */,
				3797FB8511318E6E006F6055 /* libAR.a */,
				3797FB8611318E6E006F6055 /* libARvideo.a */,
				3797FB8311318E5B006F6055 /* OpenCV.framework */,
				3797FB7D11318E4C006F6055 /* libMT_Core.a */,
				3797FB7E11318E4C006F6055 /* libMT_GUI.a */,
				3797FB7F11318E4C006F6055 /* libMT_Tracking.a */,
				3797FB5211317FEF006F6055 /* resources */,
				3797FB5411317FEF006F6055 /* src */,
				3797FB5C11318009006F6055 /* Products */,
				3797FB5E11318009006F6055 /* SampleTrackerGY-Info.plist */,
				3797FB6F11318E37006F6055 /* AGL.framework */,
				3797FB7111318E37006F6055 /* AppKit.framework */,
				3797FB7311318E37006F6055 /* Carbon.framework */,
				3797FB7511318E37006F6055 /* IOKit.framework */,
				3797FB7711318E37006F6055 /* OpenGL.framework */,
				3797FB7911318E37006F6055 /* libiconv.dylib */,
				3797FB7B11318E37006F6055 /* libz.dylib */,
				3797FB8C11318F09006F6055 /* QuickTime.framework */,
			);
			sourceTree = "<group>";
		};
		3797FB5211317FEF006F6055 /* resources */ = {
			isa = PBXGroup;
			children = (
				3797FB5311317FEF006F6055 /* Segmenter.icns */,
			);
			path = resources;
			sourceTree = "<group>";
		};
		3797FB5411317FEF006F6055 /* src */ = {
			isa = PBXGroup;
			children = (
				3797FB5511317FEF006F6055 /* SampleTrackerGY.cpp */,
				3797FB5611317FEF006F6055 /* SampleTrackerGY.h */,
			);
			path = src;
			sourceTree = "<group>";
		};
		3797FB5C11318009006F6055 /* Products */ = {
			isa = PBXGroup;
			children = (
				3797FB5B11318009006F6055 /* SampleTrackerGY.app */,
			);
			name = Products;
			sourceTree = "<group>";
		};
/* End PBXGroup section */

/* Begin PBXNativeTarget section */
		3797FB5A11318009006F6055 /* SampleTrackerGY */ = {
			isa = PBXNativeTarget;
			buildConfigurationList = 3797FB611131800C006F6055 /* Build configuration list for PBXNativeTarget "SampleTrackerGY" */;
			buildPhases = (
				3797FB5711318009006F6055 /* Resources */,
				3797FB5811318009006F6055 /* Sources */,
				3797FB5911318009006F6055 /* Frameworks */,
			);
			buildRules = (
			);
			dependencies = (
			);
			name = SampleTrackerGY;
			productName = SampleTrackerGY;
			productReference = 3797FB5B11318009006F6055 /* SampleTrackerGY.app */;
			productType = "com.apple.product-type.application";
		};
/* End PBXNativeTarget section */

/* Begin PBXProject section */
		3797FB3B11317F9C006F6055 /* Project object */ = {
			isa = PBXProject;
			buildConfigurationList = 3797FB3E11317F9C006F6055 /* Build configuration list for PBXProject "SampleTrackerGY" */;
			compatibilityVersion = "Xcode 2.4";
			hasScannedForEncodings = 0;
			mainGroup = 3797FB3911317F9C006F6055;
			productRefGroup = 3797FB5C11318009006F6055 /* Products */;
			projectDirPath = "";
			projectRoot = "";
			targets = (
				3797FB5A11318009006F6055 /* SampleTrackerGY */,
			);
		};
/* End PBXProject section */

/* Begin PBXResourcesBuildPhase section */
		3797FB5711318009006F6055 /* Resources */ = {
			isa = PBXResourcesBuildPhase;
			buildActionMask = 2147483647;
			files = (
				3797FB631131802B006F6055 /* Segmenter.icns in Resources */,
			);
			runOnlyForDeploymentPostprocessing = 0;
		};
/* End PBXResourcesBuildPhase section */

/* Begin PBXSourcesBuildPhase section */
		3797FB5811318009006F6055 /* Sources */ = {
			isa = PBXSourcesBuildPhase;
			buildActionMask = 2147483647;
			files = (
				3797FB6211318023006F6055 /* SampleTrackerGY.cpp in Sources */,
			);
			runOnlyForDeploymentPostprocessing = 0;
		};
/* End PBXSourcesBuildPhase section */

/* Begin XCBuildConfiguration section */
		3797FB3C11317F9C006F6055 /* Debug */ = {
			isa = XCBuildConfiguration;
			buildSettings = {
				COPY_PHASE_STRIP = NO;
			};
			name = Debug;
		};
		3797FB3D11317F9C006F6055 /* Release */ = {
			isa = XCBuildConfiguration;
			buildSettings = {
				COPY_PHASE_STRIP = YES;
			};
			name = Release;
		};
		3797FB5F1131800C006F6055 /* Debug */ = {
			isa = XCBuildConfiguration;
			buildSettings = {
				ALWAYS_SEARCH_USER_PATHS = NO;
				COPY_PHASE_STRIP = NO;
				FRAMEWORK_SEARCH_PATHS = (
					"$(inherited)",
					"$(FRAMEWORK_SEARCH_PATHS_QUOTED_FOR_TARGET_1)",
				);
				FRAMEWORK_SEARCH_PATHS_QUOTED_FOR_TARGET_1 = "\"$(SRCROOT)/../..\"";
				GCC_DYNAMIC_NO_PIC = NO;
				GCC_ENABLE_FIX_AND_CONTINUE = YES;
				GCC_MODEL_TUNING = G5;
				GCC_OPTIMIZATION_LEVEL = 0;
				GCC_PRECOMPILE_PREFIX_HEADER = YES;
				GCC_PREFIX_HEADER = "$(SYSTEM_LIBRARY_DIR)/Frameworks/Carbon.framework/Headers/Carbon.h";
				HEADER_SEARCH_PATHS = (
					"~/src/ARlib/include",
					"~/src/wxLib/include",
				);
				INFOPLIST_FILE = "SampleTrackerGY-Info.plist";
				INSTALL_PATH = "$(HOME)/Applications";
				LIBRARY_SEARCH_PATHS = (
					"$(inherited)",
					"$(LIBRARY_SEARCH_PATHS_QUOTED_FOR_TARGET_1)",
					"$(LIBRARY_SEARCH_PATHS_QUOTED_FOR_TARGET_2)",
					"$(LIBRARY_SEARCH_PATHS_QUOTED_FOR_TARGET_3)",
				);
				LIBRARY_SEARCH_PATHS_QUOTED_FOR_TARGET_1 = "\"$(SRCROOT)/../../lib\"";
				LIBRARY_SEARCH_PATHS_QUOTED_FOR_TARGET_2 = "\"$(SRCROOT)/../../../../ARlib/lib\"";
				LIBRARY_SEARCH_PATHS_QUOTED_FOR_TARGET_3 = "\"$(SRCROOT)/../../../../wxLib/lib\"";
				OTHER_LDFLAGS = (
					"-framework",
					Carbon,
				);
				PREBINDING = NO;
				PRODUCT_NAME = SampleTrackerGY;
				USER_HEADER_SEARCH_PATHS = ../../include;
			};
			name = Debug;
		};
		3797FB601131800C006F6055 /* Release */ = {
			isa = XCBuildConfiguration;
			buildSettings = {
				ALWAYS_SEARCH_USER_PATHS = NO;
				COPY_PHASE_STRIP = YES;
				DEBUG_INFORMATION_FORMAT = "dwarf-with-dsym";
				FRAMEWORK_SEARCH_PATHS = (
					"$(inherited)",
					"$(FRAMEWORK_SEARCH_PATHS_QUOTED_FOR_TARGET_1)",
				);
				FRAMEWORK_SEARCH_PATHS_QUOTED_FOR_TARGET_1 = "\"$(SRCROOT)/../..\"";
				GCC_ENABLE_FIX_AND_CONTINUE = NO;
				GCC_MODEL_TUNING = G5;
				GCC_PRECOMPILE_PREFIX_HEADER = YES;
				GCC_PREFIX_HEADER = "$(SYSTEM_LIBRARY_DIR)/Frameworks/Carbon.framework/Headers/Carbon.h";
				HEADER_SEARCH_PATHS = (
					"~/src/ARlib/include",
					"~/src/wxLib/include",
				);
				INFOPLIST_FILE = "SampleTrackerGY-Info.plist";
				INSTALL_PATH = "$(HOME)/Applications";
				LIBRARY_SEARCH_PATHS = (
					"$(inherited)",
					"$(LIBRARY_SEARCH_PATHS_QUOTED_FOR_TARGET_1)",
					"$(LIBRARY_SEARCH_PATHS_QUOTED_FOR_TARGET_2)",
					"$(LIBRARY_SEARCH_PATHS_QUOTED_FOR_TARGET_3)",
				);
				LIBRARY_SEARCH_PATHS_QUOTED_FOR_TARGET_1 = "\"$(SRCROOT)/../../lib\"";
				LIBRARY_SEARCH_PATHS_QUOTED_FOR_TARGET_2 = "\"$(SRCROOT)/../../../../ARlib/lib\"";
				LIBRARY_SEARCH_PATHS_QUOTED_FOR_TARGET_3 = "\"$(SRCROOT)/../../../../wxLib/lib\"";
				OTHER_LDFLAGS = (
					"-framework",
					Carbon,
				);
				PREBINDING = NO;
				PRODUCT_NAME = SampleTrackerGY;
				USER_HEADER_SEARCH_PATHS = ../../include;
				ZERO_LINK = NO;
			};
			name = Release;
		};
/* End XCBuildConfiguration section */

/* Begin XCConfigurationList section */
		3797FB3E11317F9C006F6055 /* Build configuration list for PBXProject "SampleTrackerGY" */ = {
			isa = XCConfigurationList;
			buildConfigurations = (
				3797FB3C11317F9C006F6055 /* Debug */,
				3797FB3D11317F9C006F6055 /* Release */,
			);
			defaultConfigurationIsVisible = 0;
			defaultConfigurationName = Release;
		};
		3797FB611131800C006F6055 /* Build configuration list for PBXNativeTarget "SampleTrackerGY" */ = {
			isa = XCConfigurationList;
			buildConfigurations = (
				3797FB5F1131800C006F6055 /* Debug */,
				3797FB601131800C006F6055 /* Release */,
			);
			defaultConfigurationIsVisible = 0;
			defaultConfigurationName = Release;
		};
/* End XCConfigurationList section */
	};
	rootObject = 3797FB3B11317F9C006F6055 /* Project object */;
}
