<?xml version="1.0" encoding="utf-8"?>
<Project ToolsVersion="4.0" xmlns="http://schemas.microsoft.com/developer/msbuild/2003">
  <ItemGroup>
    <Filter Include="Header Files">
      <UniqueIdentifier>{93995380-89BD-4b04-88EB-625FBE52EBFB}</UniqueIdentifier>
      <Extensions>h;hpp;hxx;hm;inl;inc;xsd</Extensions>
    </Filter>
    <Filter Include="Resource Files">
      <UniqueIdentifier>{67DA6AB6-F800-4c08-8B7A-83BB121AAD01}</UniqueIdentifier>
      <Extensions>rc;ico;cur;bmp;dlg;rc2;rct;bin;rgs;gif;jpg;jpeg;jpe;resx;tiff;tif;png;wav;mfcribbon-ms</Extensions>
    </Filter>
    <Filter Include="Source Files">
      <UniqueIdentifier>{4FC737F1-C7A5-4376-A066-2A32D752A2FF}</UniqueIdentifier>
      <Extensions>cpp;c;cc;cxx;def;odl;idl;hpj;bat;asm;asmx</Extensions>
    </Filter>
  </ItemGroup>
  <ItemGroup>
    <ClCompile Include="..\..\MT\MT_Tracking\3rdparty\cvBlobsLib\blob.cpp">
      <Filter>Source Files</Filter>
    </ClCompile>
    <ClCompile Include="..\..\MT\MT_Tracking\3rdparty\cvBlobsLib\BlobContour.cpp">
      <Filter>Source Files</Filter>
    </ClCompile>
    <ClCompile Include="..\..\MT\MT_Tracking\3rdparty\cvBlobsLib\BlobOperators.cpp">
      <Filter>Source Files</Filter>
    </ClCompile>
    <ClCompile Include="..\..\MT\MT_Tracking\3rdparty\cvBlobsLib\BlobResult.cpp">
      <Filter>Source Files</Filter>
    </ClCompile>
    <ClCompile Include="..\..\MT\MT_Tracking\3rdparty\cvBlobsLib\ComponentLabeling.cpp">
      <Filter>Source Files</Filter>
    </ClCompile>
    <ClCompile Include="..\..\MT\MT_Tracking\3rdparty\libhungarian-0.3\hungarian.c">
      <Filter>Source Files</Filter>
    </ClCompile>
    <ClCompile Include="..\..\MT\MT_Tracking\3rdparty\libhungarian-0.3\makeprob.c">
      <Filter>Source Files</Filter>
    </ClCompile>
    <ClCompile Include="..\..\MT\MT_Tracking\base\MT_TrackerBase.cpp">
      <Filter>Source Files</Filter>
    </ClCompile>
    <ClCompile Include="..\..\MT\MT_Tracking\base\MT_TrackerFrameBase.cpp">
      <Filter>Source Files</Filter>
    </ClCompile>
    <ClCompile Include="..\..\MT\MT_Tracking\capture\MT_Capture.cpp">
      <Filter>Source Files</Filter>
    </ClCompile>
    <ClCompile Include="..\..\MT\MT_Tracking\capture\MT_Capture_Interfaces.cpp">
      <Filter>Source Files</Filter>
    </ClCompile>
    <ClCompile Include="..\..\MT\MT_Tracking\cv\MT_BlobExtras.cpp">
      <Filter>Source Files</Filter>
    </ClCompile>
    <ClCompile Include="..\..\MT\MT_Tracking\cv\MT_HungarianMatcher.cpp">
      <Filter>Source Files</Filter>
    </ClCompile>
    <ClCompile Include="..\..\MT\MT_Tracking\cv\MT_MakeBackgroundFrame.cpp">
      <Filter>Source Files</Filter>
    </ClCompile>
    <ClCompile Include="..\..\MT\MT_Tracking\dialogs\MT_CreateBackgroundDialog.cpp">
      <Filter>Source Files</Filter>
    </ClCompile>
    <ClCompile Include="..\..\MT\MT_Tracking\trackers\GY\GYBlobs.cpp">
      <Filter>Source Files</Filter>
    </ClCompile>
    <ClCompile Include="..\..\MT\MT_Tracking\trackers\GY\GYSegmenter.cpp">
      <Filter>Source Files</Filter>
    </ClCompile>
    <ClCompile Include="..\..\MT\MT_Tracking\trackers\GY\MixGaussians.cpp">
      <Filter>Source Files</Filter>
    </ClCompile>
    <ClCompile Include="..\..\MT\MT_Tracking\trackers\YA\YABlobber.cpp">
      <Filter>Source Files</Filter>
    </ClCompile>
  </ItemGroup>
  <ItemGroup>
    <ClInclude Include="..\..\MT\MT_Tracking\3rdparty\cvBlobsLib\blob.h">
      <Filter>Header Files</Filter>
    </ClInclude>
    <ClInclude Include="..\..\MT\MT_Tracking\3rdparty\cvBlobsLib\BlobContour.h">
      <Filter>Header Files</Filter>
    </ClInclude>
    <ClInclude Include="..\..\MT\MT_Tracking\3rdparty\cvBlobsLib\BlobLibraryConfiguration.h">
      <Filter>Header Files</Filter>
    </ClInclude>
    <ClInclude Include="..\..\MT\MT_Tracking\3rdparty\cvBlobsLib\BlobOperators.h">
      <Filter>Header Files</Filter>
    </ClInclude>
    <ClInclude Include="..\..\MT\MT_Tracking\3rdparty\cvBlobsLib\BlobResult.h">
      <Filter>Header Files</Filter>
    </ClInclude>
    <ClInclude Include="..\..\MT\MT_Tracking\3rdparty\cvBlobsLib\BlobResult_t.h">
      <Filter>Header Files</Filter>
    </ClInclude>
    <ClInclude Include="..\..\MT\MT_Tracking\3rdparty\cvBlobsLib\ComponentLabeling.h">
      <Filter>Header Files</Filter>
    </ClInclude>
    <ClInclude Include="..\..\MT\MT_Tracking\3rdparty\libhungarian-0.3\hungarian.h">
      <Filter>Header Files</Filter>
    </ClInclude>
    <ClInclude Include="..\..\MT\MT_Tracking\3rdparty\libhungarian-0.3\python\pyhungarian.h">
      <Filter>Header Files</Filter>
    </ClInclude>
    <ClInclude Include="..\..\MT\MT_Tracking\base\MT_TrackerBase.h">
      <Filter>Header Files</Filter>
    </ClInclude>
    <ClInclude Include="..\..\MT\MT_Tracking\base\MT_TrackerFrameBase.h">
      <Filter>Header Files</Filter>
    </ClInclude>
    <ClInclude Include="..\..\MT\MT_Tracking\capture\MT_Capture.h">
      <Filter>Header Files</Filter>
    </ClInclude>
    <ClInclude Include="..\..\MT\MT_Tracking\capture\MT_Capture_Interfaces.h">
      <Filter>Header Files</Filter>
    </ClInclude>
    <ClInclude Include="..\..\MT\MT_Tracking\cv\MT_BlobExtras.h">
      <Filter>Header Files</Filter>
    </ClInclude>
    <ClInclude Include="..\..\MT\MT_Tracking\cv\MT_HungarianMatcher.h">
      <Filter>Header Files</Filter>
    </ClInclude>
    <ClInclude Include="..\..\MT\MT_Tracking\cv\MT_MakeBackgroundFrame.h">
      <Filter>Header Files</Filter>
    </ClInclude>
    <ClInclude Include="..\..\MT\MT_Tracking\dialogs\MT_CreateBackgroundDialog.h">
      <Filter>Header Files</Filter>
    </ClInclude>
    <ClInclude Include="..\..\MT\MT_Tracking\MT_Tracking.h">
      <Filter>Header Files</Filter>
    </ClInclude>
    <ClInclude Include="..\..\MT\MT_Tracking\trackers\GY\GYBlobs.h">
      <Filter>Header Files</Filter>
    </ClInclude>
    <ClInclude Include="..\..\MT\MT_Tracking\trackers\GY\GYSegmenter.h">
      <Filter>Header Files</Filter>
    </ClInclude>
    <ClInclude Include="..\..\MT\MT_Tracking\trackers\GY\MixGaussians.h">
      <Filter>Header Files</Filter>
    </ClInclude>
    <ClInclude Include="..\..\MT\MT_Tracking\trackers\YA\YABlobber.h">
      <Filter>Header Files</Filter>
    </ClInclude>
    <ClInclude Include="..\..\MT\MT_Tracking\trackers\YA\YASegmenter.h">
      <Filter>Header Files</Filter>
    </ClInclude>
  </ItemGroup>
</Project>