
Microsoft Visual Studio Solution File, Format Version 11.00
# Visual Studio 2010
Project("{8BC9CEB8-8B4A-11D0-8D11-00A0C91BC942}") = "Robot Utility", "Robot Utility\Robot Utility.vcxproj", "{D9A76022-AB6A-4845-B223-C81C0BD7BE55}"
EndProject
Global
	GlobalSection(SolutionConfigurationPlatforms) = preSolution
		Debug|Win32 = Debug|Win32
		Release|Win32 = Release|Win32
	EndGlobalSection
	GlobalSection(ProjectConfigurationPlatforms) = postSolution
		{D9A76022-AB6A-4845-B223-C81C0BD7BE55}.Debug|Win32.ActiveCfg = Debug|X64
		{D9A76022-AB6A-4845-B223-C81C0BD7BE55}.Debug|Win32.Build.0 = Debug|X64
		{D9A76022-AB6A-4845-B223-C81C0BD7BE55}.Release|Win32.ActiveCfg = Release|Win32
		{D9A76022-AB6A-4845-B223-C81C0BD7BE55}.Release|Win32.Build.0 = Release|Win32
	EndGlobalSection
	GlobalSection(SolutionProperties) = preSolution
		HideSolutionNode = FALSE
	EndGlobalSection
EndGlobal
