// !$*UTF8*$!
{
	archiveVersion = 1;
	classes = {
	};
	objectVersion = 44;
	objects = {

/* Begin PBXAggregateTarget section */
		3797F6B0113087E4006F6055 /* MT (All) */ = {
			isa = PBXAggregateTarget;
			buildConfigurationList = 3797F6BB1130881F006F6055 /* Build configuration list for PBXAggregateTarget "MT (All)" */;
			buildPhases = (
				3797F6BD1130886C006F6055 /* ShellScript */,
			);
			dependencies = (
				3797F6BA113087F8006F6055 /* PBXTargetDependency */,
				3797F6B8113087F8006F6055 /* PBXTargetDependency */,
				3797F6B6113087F8006F6055 /* PBXTargetDependency */,
				3797F6B4113087F8006F6055 /* PBXTargetDependency */,
			);
			name = "MT (All)";
			productName = MT;
		};
/* End PBXAggregateTarget section */

/* Begin PBXBuildFile section */
		3797F36B112DDAFD006F6055 /* agent.cpp in Sources */ = {isa = PBXBuildFile; fileRef = 3797F25E112DD8C0006F6055 /* agent.cpp */; };
		3797F36D112DDAFD006F6055 /* BoundingBox.cpp in Sources */ = {isa = PBXBuildFile; fileRef = 3797F260112DD8C0006F6055 /* BoundingBox.cpp */; };
		3797F36F112DDAFD006F6055 /* BufferAgent.cpp in Sources */ = {isa = PBXBuildFile; fileRef = 3797F262112DD8C0006F6055 /* BufferAgent.cpp */; };
		3797F371112DDAFD006F6055 /* Choice.cpp in Sources */ = {isa = PBXBuildFile; fileRef = 3797F264112DD8C0006F6055 /* Choice.cpp */; };
		3797F373112DDAFD006F6055 /* Color.cpp in Sources */ = {isa = PBXBuildFile; fileRef = 3797F266112DD8C0006F6055 /* Color.cpp */; };
		3797F375112DDAFD006F6055 /* DataGroup.cpp in Sources */ = {isa = PBXBuildFile; fileRef = 3797F268112DD8C0006F6055 /* DataGroup.cpp */; };
		3797F377112DDAFD006F6055 /* ExperimentDataFile.cpp in Sources */ = {isa = PBXBuildFile; fileRef = 3797F250112DD8C0006F6055 /* ExperimentDataFile.cpp */; };
		3797F379112DDAFD006F6055 /* glImageSupport.cpp in Sources */ = {isa = PBXBuildFile; fileRef = 3797F259112DD8C0006F6055 /* glImageSupport.cpp */; };
		3797F37B112DDAFD006F6055 /* glSupport.cpp in Sources */ = {isa = PBXBuildFile; fileRef = 3797F25B112DD8C0006F6055 /* glSupport.cpp */; };
		3797F37D112DDAFD006F6055 /* mathsupport.cpp in Sources */ = {isa = PBXBuildFile; fileRef = 3797F271112DD8C0006F6055 /* mathsupport.cpp */; };
		3797F37F112DDAFD006F6055 /* MovieExporter.cpp in Sources */ = {isa = PBXBuildFile; fileRef = 3797F252112DD8C0006F6055 /* MovieExporter.cpp */; };
		3797F381112DDAFD006F6055 /* ParticleFile.cpp in Sources */ = {isa = PBXBuildFile; fileRef = 3797F254112DD8C0006F6055 /* ParticleFile.cpp */; };
		3797F383112DDAFD006F6055 /* R3.cpp in Sources */ = {isa = PBXBuildFile; fileRef = 3797F26A112DD8C0006F6055 /* R3.cpp */; };
		3797F386112DDAFD006F6055 /* Rectangle.cpp in Sources */ = {isa = PBXBuildFile; fileRef = 3797F26C112DD8C0006F6055 /* Rectangle.cpp */; };
		3797F388112DDAFD006F6055 /* ringbuffer.cpp in Sources */ = {isa = PBXBuildFile; fileRef = 3797F26E112DD8C0006F6055 /* ringbuffer.cpp */; };
		3797F38A112DDAFD006F6055 /* tinystr.cpp in Sources */ = {isa = PBXBuildFile; fileRef = 3797F249112DD8C0006F6055 /* tinystr.cpp */; };
		3797F38C112DDAFD006F6055 /* tinyxml.cpp in Sources */ = {isa = PBXBuildFile; fileRef = 3797F24B112DD8C0006F6055 /* tinyxml.cpp */; };
		3797F38E112DDAFD006F6055 /* tinyxmlerror.cpp in Sources */ = {isa = PBXBuildFile; fileRef = 3797F24D112DD8C0006F6055 /* tinyxmlerror.cpp */; };
		3797F38F112DDAFD006F6055 /* tinyxmlparser.cpp in Sources */ = {isa = PBXBuildFile; fileRef = 3797F24E112DD8C0006F6055 /* tinyxmlparser.cpp */; };
		3797F390112DDAFD006F6055 /* XMLSupport.cpp in Sources */ = {isa = PBXBuildFile; fileRef = 3797F256112DD8C0006F6055 /* XMLSupport.cpp */; };
		3797F3DC112E026F006F6055 /* MT_AppBase.cpp in Sources */ = {isa = PBXBuildFile; fileRef = 3797F275112DD8C0006F6055 /* MT_AppBase.cpp */; };
		3797F3DE112E026F006F6055 /* MT_ControlFrameBase.cpp in Sources */ = {isa = PBXBuildFile; fileRef = 3797F277112DD8C0006F6055 /* MT_ControlFrameBase.cpp */; };
		3797F3E0112E026F006F6055 /* MT_DataDialogs.cpp in Sources */ = {isa = PBXBuildFile; fileRef = 3797F27C112DD8C0006F6055 /* MT_DataDialogs.cpp */; };
		3797F3E2112E026F006F6055 /* MT_DialogManagement.cpp in Sources */ = {isa = PBXBuildFile; fileRef = 3797F27E112DD8C0006F6055 /* MT_DialogManagement.cpp */; };
		3797F3E4112E026F006F6055 /* MT_FrameBase.cpp in Sources */ = {isa = PBXBuildFile; fileRef = 3797F279112DD8C0006F6055 /* MT_FrameBase.cpp */; };
		3797F3E6112E026F006F6055 /* MT_MovieExporterDialog.cpp in Sources */ = {isa = PBXBuildFile; fileRef = 3797F280112DD8C0006F6055 /* MT_MovieExporterDialog.cpp */; };
		3797F3E8112E026F006F6055 /* MT_NumericInputDialog.cpp in Sources */ = {isa = PBXBuildFile; fileRef = 3797F282112DD8C0006F6055 /* MT_NumericInputDialog.cpp */; };
		3797F3EA112E026F006F6055 /* MT_ParameterDialog.cpp in Sources */ = {isa = PBXBuildFile; fileRef = 3797F284112DD8C0006F6055 /* MT_ParameterDialog.cpp */; };
		3797F3EC112E026F006F6055 /* MT_Server.cpp in Sources */ = {isa = PBXBuildFile; fileRef = 3797F287112DD8C0006F6055 /* MT_Server.cpp */; };
		3797F3EE112E026F006F6055 /* wxSupport.cpp in Sources */ = {isa = PBXBuildFile; fileRef = 3797F28A112DD8C0006F6055 /* wxSupport.cpp */; };
		3797F3F0112E026F006F6055 /* wxXMLSupport.cpp in Sources */ = {isa = PBXBuildFile; fileRef = 3797F28C112DD8C0006F6055 /* wxXMLSupport.cpp */; };
		3797F40B112E05C8006F6055 /* blob.cpp in Sources */ = {isa = PBXBuildFile; fileRef = 3797F2B1112DD8C0006F6055 /* blob.cpp */; };
		3797F40D112E05C8006F6055 /* BlobContour.cpp in Sources */ = {isa = PBXBuildFile; fileRef = 3797F2B3112DD8C0006F6055 /* BlobContour.cpp */; };
		3797F410112E05C8006F6055 /* BlobOperators.cpp in Sources */ = {isa = PBXBuildFile; fileRef = 3797F2B6112DD8C0006F6055 /* BlobOperators.cpp */; };
		3797F412112E05C8006F6055 /* BlobResult.cpp in Sources */ = {isa = PBXBuildFile; fileRef = 3797F2B8112DD8C0006F6055 /* BlobResult.cpp */; };
		3797F415112E05C8006F6055 /* ComponentLabeling.cpp in Sources */ = {isa = PBXBuildFile; fileRef = 3797F2BB112DD8C0006F6055 /* ComponentLabeling.cpp */; };
		3797F418112E05C8006F6055 /* GYBlobs.cpp in Sources */ = {isa = PBXBuildFile; fileRef = 3797F2E2112DD8C0006F6055 /* GYBlobs.cpp */; };
		3797F41A112E05C8006F6055 /* GYSegmenter.cpp in Sources */ = {isa = PBXBuildFile; fileRef = 3797F2E4112DD8C0006F6055 /* GYSegmenter.cpp */; };
		3797F41C112E05C8006F6055 /* hungarian.c in Sources */ = {isa = PBXBuildFile; fileRef = 3797F2BF112DD8C0006F6055 /* hungarian.c */; };
		3797F420112E05C8006F6055 /* makeprob.c in Sources */ = {isa = PBXBuildFile; fileRef = 3797F2C3112DD8C0006F6055 /* makeprob.c */; };
		3797F421112E05C8006F6055 /* MixGaussians.cpp in Sources */ = {isa = PBXBuildFile; fileRef = 3797F2E6112DD8C0006F6055 /* MixGaussians.cpp */; };
		3797F423112E05C8006F6055 /* MT_BlobExtras.cpp in Sources */ = {isa = PBXBuildFile; fileRef = 3797F2D7112DD8C0006F6055 /* MT_BlobExtras.cpp */; };
		3797F425112E05C8006F6055 /* MT_Capture.cpp in Sources */ = {isa = PBXBuildFile; fileRef = 3797F2D2112DD8C0006F6055 /* MT_Capture.cpp */; };
		3797F427112E05C8006F6055 /* MT_Capture_Interfaces.cpp in Sources */ = {isa = PBXBuildFile; fileRef = 3797F2D4112DD8C0006F6055 /* MT_Capture_Interfaces.cpp */; };
		3797F429112E05C8006F6055 /* MT_CreateBackgroundDialog.cpp in Sources */ = {isa = PBXBuildFile; fileRef = 3797F2DE112DD8C0006F6055 /* MT_CreateBackgroundDialog.cpp */; };
		3797F42B112E05C8006F6055 /* MT_HungarianMatcher.cpp in Sources */ = {isa = PBXBuildFile; fileRef = 3797F2D9112DD8C0006F6055 /* MT_HungarianMatcher.cpp */; };
		3797F42D112E05C8006F6055 /* MT_MakeBackgroundFrame.cpp in Sources */ = {isa = PBXBuildFile; fileRef = 3797F2DB112DD8C0006F6055 /* MT_MakeBackgroundFrame.cpp */; };
		3797F42F112E05C8006F6055 /* MT_TrackerBase.cpp in Sources */ = {isa = PBXBuildFile; fileRef = 3797F2CD112DD8C0006F6055 /* MT_TrackerBase.cpp */; };
		3797F431112E05C8006F6055 /* MT_TrackerFrameBase.cpp in Sources */ = {isa = PBXBuildFile; fileRef = 3797F2CF112DD8C0006F6055 /* MT_TrackerFrameBase.cpp */; };
		3797F443112E068B006F6055 /* OpenCV.framework in Frameworks */ = {isa = PBXBuildFile; fileRef = 3797F442112E068B006F6055 /* OpenCV.framework */; };
		3797F45E112E0924006F6055 /* AllRobotContainer.cpp in Sources */ = {isa = PBXBuildFile; fileRef = 3797F2A8112DD8C0006F6055 /* AllRobotContainer.cpp */; };
		3797F460112E0924006F6055 /* ComIO.cpp in Sources */ = {isa = PBXBuildFile; fileRef = 3797F2A3112DD8C0006F6055 /* ComIO.cpp */; };
		3797F462112E0924006F6055 /* gamepad.cpp in Sources */ = {isa = PBXBuildFile; fileRef = 3797F2A5112DD8C0006F6055 /* gamepad.cpp */; };
		3797F464112E0924006F6055 /* GamePadController.cpp in Sources */ = {isa = PBXBuildFile; fileRef = 3797F2AA112DD8C0006F6055 /* GamePadController.cpp */; };
		3797F466112E0924006F6055 /* MiaBotPro.cpp in Sources */ = {isa = PBXBuildFile; fileRef = 3797F2AC112DD8C0006F6055 /* MiaBotPro.cpp */; };
		3797F468112E0924006F6055 /* MT_JoyStickFrame.cpp in Sources */ = {isa = PBXBuildFile; fileRef = 3797F29C112DD8C0006F6055 /* MT_JoyStickFrame.cpp */; };
		3797F46A112E0924006F6055 /* MT_RobotCommandDialog.cpp in Sources */ = {isa = PBXBuildFile; fileRef = 3797F29E112DD8C0006F6055 /* MT_RobotCommandDialog.cpp */; };
		3797F46C112E0924006F6055 /* MT_RobotConnectDialog.cpp in Sources */ = {isa = PBXBuildFile; fileRef = 3797F2A0112DD8C0006F6055 /* MT_RobotConnectDialog.cpp */; };
		3797F46E112E0924006F6055 /* MT_RobotFrameBase.cpp in Sources */ = {isa = PBXBuildFile; fileRef = 3797F299112DD8C0006F6055 /* MT_RobotFrameBase.cpp */; };
		3797F4B3112E0969006F6055 /* OpenCV.framework in Frameworks */ = {isa = PBXBuildFile; fileRef = 3797F442112E068B006F6055 /* OpenCV.framework */; };
		3797F4D7112E0FDD006F6055 /* OpenCV.framework in Frameworks */ = {isa = PBXBuildFile; fileRef = 3797F442112E068B006F6055 /* OpenCV.framework */; };
		3797F5F9112F4623006F6055 /* SteeredRobot.cpp in Sources */ = {isa = PBXBuildFile; fileRef = 3797F5F8112F4622006F6055 /* SteeredRobot.cpp */; };
		3797F68A11305C61006F6055 /* MT_Core.h in Headers */ = {isa = PBXBuildFile; fileRef = 3797F68911305C61006F6055 /* MT_Core.h */; };
		3797F6AD113085AF006F6055 /* MT_Tracking.h in Headers */ = {isa = PBXBuildFile; fileRef = 3797F6AC113085AF006F6055 /* MT_Tracking.h */; };
/* End PBXBuildFile section */

/* Begin PBXContainerItemProxy section */
		3797F4D0112E0F89006F6055 /* PBXContainerItemProxy */ = {
			isa = PBXContainerItemProxy;
			containerPortal = 3797F22C112DD762006F6055 /* Project object */;
			proxyType = 1;
			remoteGlobalIDString = 3797F30F112DD9F3006F6055;
			remoteInfo = MT_Core;
		};
		3797F4D2112E0F9D006F6055 /* PBXContainerItemProxy */ = {
			isa = PBXContainerItemProxy;
			containerPortal = 3797F22C112DD762006F6055 /* Project object */;
			proxyType = 1;
			remoteGlobalIDString = 3797F30F112DD9F3006F6055;
			remoteInfo = MT_Core;
		};
		3797F4D4112E0F9D006F6055 /* PBXContainerItemProxy */ = {
			isa = PBXContainerItemProxy;
			containerPortal = 3797F22C112DD762006F6055 /* Project object */;
			proxyType = 1;
			remoteGlobalIDString = 3797F3D7112E024D006F6055;
			remoteInfo = MT_GUI;
		};
		3797F4D8112E0FEC006F6055 /* PBXContainerItemProxy */ = {
			isa = PBXContainerItemProxy;
			containerPortal = 3797F22C112DD762006F6055 /* Project object */;
			proxyType = 1;
			remoteGlobalIDString = 3797F30F112DD9F3006F6055;
			remoteInfo = MT_Core;
		};
		3797F4DA112E0FEC006F6055 /* PBXContainerItemProxy */ = {
			isa = PBXContainerItemProxy;
			containerPortal = 3797F22C112DD762006F6055 /* Project object */;
			proxyType = 1;
			remoteGlobalIDString = 3797F3D7112E024D006F6055;
			remoteInfo = MT_GUI;
		};
		3797F4DC112E0FEC006F6055 /* PBXContainerItemProxy */ = {
			isa = PBXContainerItemProxy;
			containerPortal = 3797F22C112DD762006F6055 /* Project object */;
			proxyType = 1;
			remoteGlobalIDString = 3797F407112E05AB006F6055;
			remoteInfo = MT_Tracking;
		};
		3797F6B3113087F8006F6055 /* PBXContainerItemProxy */ = {
			isa = PBXContainerItemProxy;
			containerPortal = 3797F22C112DD762006F6055 /* Project object */;
			proxyType = 1;
			remoteGlobalIDString = 3797F459112E0904006F6055;
			remoteInfo = MT_Robot;
		};
		3797F6B5113087F8006F6055 /* PBXContainerItemProxy */ = {
			isa = PBXContainerItemProxy;
			containerPortal = 3797F22C112DD762006F6055 /* Project object */;
			proxyType = 1;
			remoteGlobalIDString = 3797F407112E05AB006F6055;
			remoteInfo = MT_Tracking;
		};
		3797F6B7113087F8006F6055 /* PBXContainerItemProxy */ = {
			isa = PBXContainerItemProxy;
			containerPortal = 3797F22C112DD762006F6055 /* Project object */;
			proxyType = 1;
			remoteGlobalIDString = 3797F3D7112E024D006F6055;
			remoteInfo = MT_GUI;
		};
		3797F6B9113087F8006F6055 /* PBXContainerItemProxy */ = {
			isa = PBXContainerItemProxy;
			containerPortal = 3797F22C112DD762006F6055 /* Project object */;
			proxyType = 1;
			remoteGlobalIDString = 3797F30F112DD9F3006F6055;
			remoteInfo = MT_Core;
		};
/* End PBXContainerItemProxy section */

/* Begin PBXFileReference section */
		3797F248112DD8C0006F6055 /* readme.tinyxml */ = {isa = PBXFileReference; fileEncoding = 4; lastKnownFileType = text; path = readme.tinyxml; sourceTree = "<group>"; };
		3797F249112DD8C0006F6055 /* tinystr.cpp */ = {isa = PBXFileReference; fileEncoding = 4; lastKnownFileType = sourcecode.cpp.cpp; path = tinystr.cpp; sourceTree = "<group>"; };
		3797F24A112DD8C0006F6055 /* tinystr.h */ = {isa = PBXFileReference; fileEncoding = 4; lastKnownFileType = sourcecode.c.h; path = tinystr.h; sourceTree = "<group>"; };
		3797F24B112DD8C0006F6055 /* tinyxml.cpp */ = {isa = PBXFileReference; fileEncoding = 4; lastKnownFileType = sourcecode.cpp.cpp; path = tinyxml.cpp; sourceTree = "<group>"; };
		3797F24C112DD8C0006F6055 /* tinyxml.h */ = {isa = PBXFileReference; fileEncoding = 4; lastKnownFileType = sourcecode.c.h; path = tinyxml.h; sourceTree = "<group>"; };
		3797F24D112DD8C0006F6055 /* tinyxmlerror.cpp */ = {isa = PBXFileReference; fileEncoding = 4; lastKnownFileType = sourcecode.cpp.cpp; path = tinyxmlerror.cpp; sourceTree = "<group>"; };
		3797F24E112DD8C0006F6055 /* tinyxmlparser.cpp */ = {isa = PBXFileReference; fileEncoding = 4; lastKnownFileType = sourcecode.cpp.cpp; path = tinyxmlparser.cpp; sourceTree = "<group>"; };
		3797F250112DD8C0006F6055 /* ExperimentDataFile.cpp */ = {isa = PBXFileReference; fileEncoding = 4; lastKnownFileType = sourcecode.cpp.cpp; path = ExperimentDataFile.cpp; sourceTree = "<group>"; };
		3797F251112DD8C0006F6055 /* ExperimentDataFile.h */ = {isa = PBXFileReference; fileEncoding = 4; lastKnownFileType = sourcecode.c.h; path = ExperimentDataFile.h; sourceTree = "<group>"; };
		3797F252112DD8C0006F6055 /* MovieExporter.cpp */ = {isa = PBXFileReference; fileEncoding = 4; lastKnownFileType = sourcecode.cpp.cpp; path = MovieExporter.cpp; sourceTree = "<group>"; };
		3797F253112DD8C0006F6055 /* MovieExporter.h */ = {isa = PBXFileReference; fileEncoding = 4; lastKnownFileType = sourcecode.c.h; path = MovieExporter.h; sourceTree = "<group>"; };
		3797F254112DD8C0006F6055 /* ParticleFile.cpp */ = {isa = PBXFileReference; fileEncoding = 4; lastKnownFileType = sourcecode.cpp.cpp; path = ParticleFile.cpp; sourceTree = "<group>"; };
		3797F255112DD8C0006F6055 /* ParticleFile.h */ = {isa = PBXFileReference; fileEncoding = 4; lastKnownFileType = sourcecode.c.h; path = ParticleFile.h; sourceTree = "<group>"; };
		3797F256112DD8C0006F6055 /* XMLSupport.cpp */ = {isa = PBXFileReference; fileEncoding = 4; lastKnownFileType = sourcecode.cpp.cpp; path = XMLSupport.cpp; sourceTree = "<group>"; };
		3797F257112DD8C0006F6055 /* XMLSupport.h */ = {isa = PBXFileReference; fileEncoding = 4; lastKnownFileType = sourcecode.c.h; path = XMLSupport.h; sourceTree = "<group>"; };
		3797F259112DD8C0006F6055 /* glImageSupport.cpp */ = {isa = PBXFileReference; fileEncoding = 4; lastKnownFileType = sourcecode.cpp.cpp; path = glImageSupport.cpp; sourceTree = "<group>"; };
		3797F25A112DD8C0006F6055 /* glImageSupport.h */ = {isa = PBXFileReference; fileEncoding = 4; lastKnownFileType = sourcecode.c.h; path = glImageSupport.h; sourceTree = "<group>"; };
		3797F25B112DD8C0006F6055 /* glSupport.cpp */ = {isa = PBXFileReference; fileEncoding = 4; lastKnownFileType = sourcecode.cpp.cpp; path = glSupport.cpp; sourceTree = "<group>"; };
		3797F25C112DD8C0006F6055 /* glSupport.h */ = {isa = PBXFileReference; fileEncoding = 4; lastKnownFileType = sourcecode.c.h; path = glSupport.h; sourceTree = "<group>"; };
		3797F25E112DD8C0006F6055 /* agent.cpp */ = {isa = PBXFileReference; fileEncoding = 4; lastKnownFileType = sourcecode.cpp.cpp; path = agent.cpp; sourceTree = "<group>"; };
		3797F25F112DD8C0006F6055 /* agent.h */ = {isa = PBXFileReference; fileEncoding = 4; lastKnownFileType = sourcecode.c.h; path = agent.h; sourceTree = "<group>"; };
		3797F260112DD8C0006F6055 /* BoundingBox.cpp */ = {isa = PBXFileReference; fileEncoding = 4; lastKnownFileType = sourcecode.cpp.cpp; path = BoundingBox.cpp; sourceTree = "<group>"; };
		3797F261112DD8C0006F6055 /* BoundingBox.h */ = {isa = PBXFileReference; fileEncoding = 4; lastKnownFileType = sourcecode.c.h; path = BoundingBox.h; sourceTree = "<group>"; };
		3797F262112DD8C0006F6055 /* BufferAgent.cpp */ = {isa = PBXFileReference; fileEncoding = 4; lastKnownFileType = sourcecode.cpp.cpp; path = BufferAgent.cpp; sourceTree = "<group>"; };
		3797F263112DD8C0006F6055 /* BufferAgent.h */ = {isa = PBXFileReference; fileEncoding = 4; lastKnownFileType = sourcecode.c.h; path = BufferAgent.h; sourceTree = "<group>"; };
		3797F264112DD8C0006F6055 /* Choice.cpp */ = {isa = PBXFileReference; fileEncoding = 4; lastKnownFileType = sourcecode.cpp.cpp; path = Choice.cpp; sourceTree = "<group>"; };
		3797F265112DD8C0006F6055 /* Choice.h */ = {isa = PBXFileReference; fileEncoding = 4; lastKnownFileType = sourcecode.c.h; path = Choice.h; sourceTree = "<group>"; };
		3797F266112DD8C0006F6055 /* Color.cpp */ = {isa = PBXFileReference; fileEncoding = 4; lastKnownFileType = sourcecode.cpp.cpp; path = Color.cpp; sourceTree = "<group>"; };
		3797F267112DD8C0006F6055 /* Color.h */ = {isa = PBXFileReference; fileEncoding = 4; lastKnownFileType = sourcecode.c.h; path = Color.h; sourceTree = "<group>"; };
		3797F268112DD8C0006F6055 /* DataGroup.cpp */ = {isa = PBXFileReference; fileEncoding = 4; lastKnownFileType = sourcecode.cpp.cpp; path = DataGroup.cpp; sourceTree = "<group>"; };
		3797F269112DD8C0006F6055 /* DataGroup.h */ = {isa = PBXFileReference; fileEncoding = 4; lastKnownFileType = sourcecode.c.h; path = DataGroup.h; sourceTree = "<group>"; };
		3797F26A112DD8C0006F6055 /* R3.cpp */ = {isa = PBXFileReference; fileEncoding = 4; lastKnownFileType = sourcecode.cpp.cpp; path = R3.cpp; sourceTree = "<group>"; };
		3797F26B112DD8C0006F6055 /* R3.h */ = {isa = PBXFileReference; fileEncoding = 4; lastKnownFileType = sourcecode.c.h; path = R3.h; sourceTree = "<group>"; };
		3797F26C112DD8C0006F6055 /* Rectangle.cpp */ = {isa = PBXFileReference; fileEncoding = 4; lastKnownFileType = sourcecode.cpp.cpp; path = Rectangle.cpp; sourceTree = "<group>"; };
		3797F26D112DD8C0006F6055 /* Rectangle.h */ = {isa = PBXFileReference; fileEncoding = 4; lastKnownFileType = sourcecode.c.h; path = Rectangle.h; sourceTree = "<group>"; };
		3797F26E112DD8C0006F6055 /* ringbuffer.cpp */ = {isa = PBXFileReference; fileEncoding = 4; lastKnownFileType = sourcecode.cpp.cpp; path = ringbuffer.cpp; sourceTree = "<group>"; };
		3797F26F112DD8C0006F6055 /* ringbuffer.h */ = {isa = PBXFileReference; fileEncoding = 4; lastKnownFileType = sourcecode.c.h; path = ringbuffer.h; sourceTree = "<group>"; };
		3797F271112DD8C0006F6055 /* mathsupport.cpp */ = {isa = PBXFileReference; fileEncoding = 4; lastKnownFileType = sourcecode.cpp.cpp; path = mathsupport.cpp; sourceTree = "<group>"; };
		3797F272112DD8C0006F6055 /* mathsupport.h */ = {isa = PBXFileReference; fileEncoding = 4; lastKnownFileType = sourcecode.c.h; path = mathsupport.h; sourceTree = "<group>"; };
		3797F275112DD8C0006F6055 /* MT_AppBase.cpp */ = {isa = PBXFileReference; fileEncoding = 4; lastKnownFileType = sourcecode.cpp.cpp; path = MT_AppBase.cpp; sourceTree = "<group>"; };
		3797F276112DD8C0006F6055 /* MT_AppBase.h */ = {isa = PBXFileReference; fileEncoding = 4; lastKnownFileType = sourcecode.c.h; path = MT_AppBase.h; sourceTree = "<group>"; };
		3797F277112DD8C0006F6055 /* MT_ControlFrameBase.cpp */ = {isa = PBXFileReference; fileEncoding = 4; lastKnownFileType = sourcecode.cpp.cpp; path = MT_ControlFrameBase.cpp; sourceTree = "<group>"; };
		3797F278112DD8C0006F6055 /* MT_ControlFrameBase.h */ = {isa = PBXFileReference; fileEncoding = 4; lastKnownFileType = sourcecode.c.h; path = MT_ControlFrameBase.h; sourceTree = "<group>"; };
		3797F279112DD8C0006F6055 /* MT_FrameBase.cpp */ = {isa = PBXFileReference; fileEncoding = 4; lastKnownFileType = sourcecode.cpp.cpp; path = MT_FrameBase.cpp; sourceTree = "<group>"; };
		3797F27A112DD8C0006F6055 /* MT_FrameBase.h */ = {isa = PBXFileReference; fileEncoding = 4; lastKnownFileType = sourcecode.c.h; path = MT_FrameBase.h; sourceTree = "<group>"; };
		3797F27C112DD8C0006F6055 /* MT_DataDialogs.cpp */ = {isa = PBXFileReference; fileEncoding = 4; lastKnownFileType = sourcecode.cpp.cpp; path = MT_DataDialogs.cpp; sourceTree = "<group>"; };
		3797F27D112DD8C0006F6055 /* MT_DataDialogs.h */ = {isa = PBXFileReference; fileEncoding = 4; lastKnownFileType = sourcecode.c.h; path = MT_DataDialogs.h; sourceTree = "<group>"; };
		3797F27E112DD8C0006F6055 /* MT_DialogManagement.cpp */ = {isa = PBXFileReference; fileEncoding = 4; lastKnownFileType = sourcecode.cpp.cpp; path = MT_DialogManagement.cpp; sourceTree = "<group>"; };
		3797F27F112DD8C0006F6055 /* MT_DialogManagement.h */ = {isa = PBXFileReference; fileEncoding = 4; lastKnownFileType = sourcecode.c.h; path = MT_DialogManagement.h; sourceTree = "<group>"; };
		3797F280112DD8C0006F6055 /* MT_MovieExporterDialog.cpp */ = {isa = PBXFileReference; fileEncoding = 4; lastKnownFileType = sourcecode.cpp.cpp; path = MT_MovieExporterDialog.cpp; sourceTree = "<group>"; };
		3797F281112DD8C0006F6055 /* MT_MovieExporterDialog.h */ = {isa = PBXFileReference; fileEncoding = 4; lastKnownFileType = sourcecode.c.h; path = MT_MovieExporterDialog.h; sourceTree = "<group>"; };
		3797F282112DD8C0006F6055 /* MT_NumericInputDialog.cpp */ = {isa = PBXFileReference; fileEncoding = 4; lastKnownFileType = sourcecode.cpp.cpp; path = MT_NumericInputDialog.cpp; sourceTree = "<group>"; };
		3797F283112DD8C0006F6055 /* MT_NumericInputDialog.h */ = {isa = PBXFileReference; fileEncoding = 4; lastKnownFileType = sourcecode.c.h; path = MT_NumericInputDialog.h; sourceTree = "<group>"; };
		3797F284112DD8C0006F6055 /* MT_ParameterDialog.cpp */ = {isa = PBXFileReference; fileEncoding = 4; lastKnownFileType = sourcecode.cpp.cpp; path = MT_ParameterDialog.cpp; sourceTree = "<group>"; };
		3797F285112DD8C0006F6055 /* MT_ParameterDialog.h */ = {isa = PBXFileReference; fileEncoding = 4; lastKnownFileType = sourcecode.c.h; path = MT_ParameterDialog.h; sourceTree = "<group>"; };
		3797F287112DD8C0006F6055 /* MT_Server.cpp */ = {isa = PBXFileReference; fileEncoding = 4; lastKnownFileType = sourcecode.cpp.cpp; path = MT_Server.cpp; sourceTree = "<group>"; };
		3797F288112DD8C0006F6055 /* MT_Server.h */ = {isa = PBXFileReference; fileEncoding = 4; lastKnownFileType = sourcecode.c.h; path = MT_Server.h; sourceTree = "<group>"; };
		3797F28A112DD8C0006F6055 /* wxSupport.cpp */ = {isa = PBXFileReference; fileEncoding = 4; lastKnownFileType = sourcecode.cpp.cpp; path = wxSupport.cpp; sourceTree = "<group>"; };
		3797F28B112DD8C0006F6055 /* wxSupport.h */ = {isa = PBXFileReference; fileEncoding = 4; lastKnownFileType = sourcecode.c.h; path = wxSupport.h; sourceTree = "<group>"; };
		3797F28C112DD8C0006F6055 /* wxXMLSupport.cpp */ = {isa = PBXFileReference; fileEncoding = 4; lastKnownFileType = sourcecode.cpp.cpp; path = wxXMLSupport.cpp; sourceTree = "<group>"; };
		3797F28D112DD8C0006F6055 /* wxXMLSupport.h */ = {isa = PBXFileReference; fileEncoding = 4; lastKnownFileType = sourcecode.c.h; path = wxXMLSupport.h; sourceTree = "<group>"; };
		3797F291112DD8C0006F6055 /* Serial.cpp */ = {isa = PBXFileReference; fileEncoding = 4; lastKnownFileType = sourcecode.cpp.cpp; path = Serial.cpp; sourceTree = "<group>"; };
		3797F292112DD8C0006F6055 /* Serial.h */ = {isa = PBXFileReference; fileEncoding = 4; lastKnownFileType = sourcecode.c.h; path = Serial.h; sourceTree = "<group>"; };
		3797F293112DD8C0006F6055 /* SerialEx.cpp */ = {isa = PBXFileReference; fileEncoding = 4; lastKnownFileType = sourcecode.cpp.cpp; path = SerialEx.cpp; sourceTree = "<group>"; };
		3797F294112DD8C0006F6055 /* SerialEx.h */ = {isa = PBXFileReference; fileEncoding = 4; lastKnownFileType = sourcecode.c.h; path = SerialEx.h; sourceTree = "<group>"; };
		3797F295112DD8C0006F6055 /* SerialMFC.h */ = {isa = PBXFileReference; fileEncoding = 4; lastKnownFileType = sourcecode.c.h; path = SerialMFC.h; sourceTree = "<group>"; };
		3797F296112DD8C0006F6055 /* SerialWnd.cpp */ = {isa = PBXFileReference; fileEncoding = 4; lastKnownFileType = sourcecode.cpp.cpp; path = SerialWnd.cpp; sourceTree = "<group>"; };
		3797F297112DD8C0006F6055 /* SerialWnd.h */ = {isa = PBXFileReference; fileEncoding = 4; lastKnownFileType = sourcecode.c.h; path = SerialWnd.h; sourceTree = "<group>"; };
		3797F299112DD8C0006F6055 /* MT_RobotFrameBase.cpp */ = {isa = PBXFileReference; fileEncoding = 4; lastKnownFileType = sourcecode.cpp.cpp; path = MT_RobotFrameBase.cpp; sourceTree = "<group>"; };
		3797F29A112DD8C0006F6055 /* MT_RobotFrameBase.h */ = {isa = PBXFileReference; fileEncoding = 4; lastKnownFileType = sourcecode.c.h; path = MT_RobotFrameBase.h; sourceTree = "<group>"; };
		3797F29C112DD8C0006F6055 /* MT_JoyStickFrame.cpp */ = {isa = PBXFileReference; fileEncoding = 4; lastKnownFileType = sourcecode.cpp.cpp; path = MT_JoyStickFrame.cpp; sourceTree = "<group>"; };
		3797F29D112DD8C0006F6055 /* MT_JoyStickFrame.h */ = {isa = PBXFileReference; fileEncoding = 4; lastKnownFileType = sourcecode.c.h; path = MT_JoyStickFrame.h; sourceTree = "<group>"; };
		3797F29E112DD8C0006F6055 /* MT_RobotCommandDialog.cpp */ = {isa = PBXFileReference; fileEncoding = 4; lastKnownFileType = sourcecode.cpp.cpp; path = MT_RobotCommandDialog.cpp; sourceTree = "<group>"; };
		3797F29F112DD8C0006F6055 /* MT_RobotCommandDialog.h */ = {isa = PBXFileReference; fileEncoding = 4; lastKnownFileType = sourcecode.c.h; path = MT_RobotCommandDialog.h; sourceTree = "<group>"; };
		3797F2A0112DD8C0006F6055 /* MT_RobotConnectDialog.cpp */ = {isa = PBXFileReference; fileEncoding = 4; lastKnownFileType = sourcecode.cpp.cpp; path = MT_RobotConnectDialog.cpp; sourceTree = "<group>"; };
		3797F2A1112DD8C0006F6055 /* MT_RobotConnectDialog.h */ = {isa = PBXFileReference; fileEncoding = 4; lastKnownFileType = sourcecode.c.h; path = MT_RobotConnectDialog.h; sourceTree = "<group>"; };
		3797F2A3112DD8C0006F6055 /* ComIO.cpp */ = {isa = PBXFileReference; fileEncoding = 4; lastKnownFileType = sourcecode.cpp.cpp; path = ComIO.cpp; sourceTree = "<group>"; };
		3797F2A4112DD8C0006F6055 /* ComIO.h */ = {isa = PBXFileReference; fileEncoding = 4; lastKnownFileType = sourcecode.c.h; path = ComIO.h; sourceTree = "<group>"; };
		3797F2A5112DD8C0006F6055 /* gamepad.cpp */ = {isa = PBXFileReference; fileEncoding = 4; lastKnownFileType = sourcecode.cpp.cpp; path = gamepad.cpp; sourceTree = "<group>"; };
		3797F2A6112DD8C0006F6055 /* gamepad.h */ = {isa = PBXFileReference; fileEncoding = 4; lastKnownFileType = sourcecode.c.h; path = gamepad.h; sourceTree = "<group>"; };
		3797F2A8112DD8C0006F6055 /* AllRobotContainer.cpp */ = {isa = PBXFileReference; fileEncoding = 4; lastKnownFileType = sourcecode.cpp.cpp; path = AllRobotContainer.cpp; sourceTree = "<group>"; };
		3797F2A9112DD8C0006F6055 /* AllRobotContainer.h */ = {isa = PBXFileReference; fileEncoding = 4; lastKnownFileType = sourcecode.c.h; path = AllRobotContainer.h; sourceTree = "<group>"; };
		3797F2AA112DD8C0006F6055 /* GamePadController.cpp */ = {isa = PBXFileReference; fileEncoding = 4; lastKnownFileType = sourcecode.cpp.cpp; path = GamePadController.cpp; sourceTree = "<group>"; };
		3797F2AB112DD8C0006F6055 /* GamePadController.h */ = {isa = PBXFileReference; fileEncoding = 4; lastKnownFileType = sourcecode.c.h; path = GamePadController.h; sourceTree = "<group>"; };
		3797F2AC112DD8C0006F6055 /* MiaBotPro.cpp */ = {isa = PBXFileReference; fileEncoding = 4; lastKnownFileType = sourcecode.cpp.cpp; path = MiaBotPro.cpp; sourceTree = "<group>"; };
		3797F2AD112DD8C0006F6055 /* MiaBotPro.h */ = {isa = PBXFileReference; fileEncoding = 4; lastKnownFileType = sourcecode.c.h; path = MiaBotPro.h; sourceTree = "<group>"; };
		3797F2B1112DD8C0006F6055 /* blob.cpp */ = {isa = PBXFileReference; fileEncoding = 4; lastKnownFileType = sourcecode.cpp.cpp; path = blob.cpp; sourceTree = "<group>"; };
		3797F2B2112DD8C0006F6055 /* blob.h */ = {isa = PBXFileReference; fileEncoding = 4; lastKnownFileType = sourcecode.c.h; path = blob.h; sourceTree = "<group>"; };
		3797F2B3112DD8C0006F6055 /* BlobContour.cpp */ = {isa = PBXFileReference; fileEncoding = 4; lastKnownFileType = sourcecode.cpp.cpp; path = BlobContour.cpp; sourceTree = "<group>"; };
		3797F2B4112DD8C0006F6055 /* BlobContour.h */ = {isa = PBXFileReference; fileEncoding = 4; lastKnownFileType = sourcecode.c.h; path = BlobContour.h; sourceTree = "<group>"; };
		3797F2B5112DD8C0006F6055 /* BlobLibraryConfiguration.h */ = {isa = PBXFileReference; fileEncoding = 4; lastKnownFileType = sourcecode.c.h; path = BlobLibraryConfiguration.h; sourceTree = "<group>"; };
		3797F2B6112DD8C0006F6055 /* BlobOperators.cpp */ = {isa = PBXFileReference; fileEncoding = 4; lastKnownFileType = sourcecode.cpp.cpp; path = BlobOperators.cpp; sourceTree = "<group>"; };
		3797F2B7112DD8C0006F6055 /* BlobOperators.h */ = {isa = PBXFileReference; fileEncoding = 4; lastKnownFileType = sourcecode.c.h; path = BlobOperators.h; sourceTree = "<group>"; };
		3797F2B8112DD8C0006F6055 /* BlobResult.cpp */ = {isa = PBXFileReference; fileEncoding = 4; lastKnownFileType = sourcecode.cpp.cpp; path = BlobResult.cpp; sourceTree = "<group>"; };
		3797F2B9112DD8C0006F6055 /* BlobResult.h */ = {isa = PBXFileReference; fileEncoding = 4; lastKnownFileType = sourcecode.c.h; path = BlobResult.h; sourceTree = "<group>"; };
		3797F2BA112DD8C0006F6055 /* BlobResult_t.h */ = {isa = PBXFileReference; fileEncoding = 4; lastKnownFileType = sourcecode.c.h; path = BlobResult_t.h; sourceTree = "<group>"; };
		3797F2BB112DD8C0006F6055 /* ComponentLabeling.cpp */ = {isa = PBXFileReference; fileEncoding = 4; lastKnownFileType = sourcecode.cpp.cpp; path = ComponentLabeling.cpp; sourceTree = "<group>"; };
		3797F2BC112DD8C0006F6055 /* ComponentLabeling.h */ = {isa = PBXFileReference; fileEncoding = 4; lastKnownFileType = sourcecode.c.h; path = ComponentLabeling.h; sourceTree = "<group>"; };
		3797F2BF112DD8C0006F6055 /* hungarian.c */ = {isa = PBXFileReference; fileEncoding = 4; lastKnownFileType = sourcecode.c.c; path = hungarian.c; sourceTree = "<group>"; };
		3797F2C0112DD8C0006F6055 /* hungarian.h */ = {isa = PBXFileReference; fileEncoding = 4; lastKnownFileType = sourcecode.c.h; path = hungarian.h; sourceTree = "<group>"; };
		3797F2C1112DD8C0006F6055 /* linreg.py */ = {isa = PBXFileReference; fileEncoding = 4; lastKnownFileType = text.script.python; path = linreg.py; sourceTree = "<group>"; };
		3797F2C2112DD8C0006F6055 /* Makefile */ = {isa = PBXFileReference; fileEncoding = 4; lastKnownFileType = sourcecode.make; path = Makefile; sourceTree = "<group>"; };
		3797F2C3112DD8C0006F6055 /* makeprob.c */ = {isa = PBXFileReference; fileEncoding = 4; lastKnownFileType = sourcecode.c.c; path = makeprob.c; sourceTree = "<group>"; };
		3797F2C5112DD8C0006F6055 /* pyhungarian.c */ = {isa = PBXFileReference; fileEncoding = 4; lastKnownFileType = sourcecode.c.c; path = pyhungarian.c; sourceTree = "<group>"; };
		3797F2C6112DD8C0006F6055 /* pyhungarian.h */ = {isa = PBXFileReference; fileEncoding = 4; lastKnownFileType = sourcecode.c.h; path = pyhungarian.h; sourceTree = "<group>"; };
		3797F2C7112DD8C0006F6055 /* pytest.py */ = {isa = PBXFileReference; fileEncoding = 4; lastKnownFileType = text.script.python; path = pytest.py; sourceTree = "<group>"; };
		3797F2C8112DD8C0006F6055 /* setup.py */ = {isa = PBXFileReference; fileEncoding = 4; lastKnownFileType = text.script.python; path = setup.py; sourceTree = "<group>"; };
		3797F2C9112DD8C0006F6055 /* README */ = {isa = PBXFileReference; fileEncoding = 4; lastKnownFileType = text; path = README; sourceTree = "<group>"; };
		3797F2CA112DD8C0006F6055 /* test.c */ = {isa = PBXFileReference; fileEncoding = 4; lastKnownFileType = sourcecode.c.c; path = test.c; sourceTree = "<group>"; };
		3797F2CB112DD8C0006F6055 /* timetest.c */ = {isa = PBXFileReference; fileEncoding = 4; lastKnownFileType = sourcecode.c.c; path = timetest.c; sourceTree = "<group>"; };
		3797F2CD112DD8C0006F6055 /* MT_TrackerBase.cpp */ = {isa = PBXFileReference; fileEncoding = 4; lastKnownFileType = sourcecode.cpp.cpp; path = MT_TrackerBase.cpp; sourceTree = "<group>"; };
		3797F2CE112DD8C0006F6055 /* MT_TrackerBase.h */ = {isa = PBXFileReference; fileEncoding = 4; lastKnownFileType = sourcecode.c.h; path = MT_TrackerBase.h; sourceTree = "<group>"; };
		3797F2CF112DD8C0006F6055 /* MT_TrackerFrameBase.cpp */ = {isa = PBXFileReference; fileEncoding = 4; lastKnownFileType = sourcecode.cpp.cpp; path = MT_TrackerFrameBase.cpp; sourceTree = "<group>"; };
		3797F2D0112DD8C0006F6055 /* MT_TrackerFrameBase.h */ = {isa = PBXFileReference; fileEncoding = 4; lastKnownFileType = sourcecode.c.h; path = MT_TrackerFrameBase.h; sourceTree = "<group>"; };
		3797F2D2112DD8C0006F6055 /* MT_Capture.cpp */ = {isa = PBXFileReference; fileEncoding = 4; lastKnownFileType = sourcecode.cpp.cpp; path = MT_Capture.cpp; sourceTree = "<group>"; };
		3797F2D3112DD8C0006F6055 /* MT_Capture.h */ = {isa = PBXFileReference; fileEncoding = 4; lastKnownFileType = sourcecode.c.h; path = MT_Capture.h; sourceTree = "<group>"; };
		3797F2D4112DD8C0006F6055 /* MT_Capture_Interfaces.cpp */ = {isa = PBXFileReference; fileEncoding = 4; lastKnownFileType = sourcecode.cpp.cpp; path = MT_Capture_Interfaces.cpp; sourceTree = "<group>"; };
		3797F2D5112DD8C0006F6055 /* MT_Capture_Interfaces.h */ = {isa = PBXFileReference; fileEncoding = 4; lastKnownFileType = sourcecode.c.h; path = MT_Capture_Interfaces.h; sourceTree = "<group>"; };
		3797F2D7112DD8C0006F6055 /* MT_BlobExtras.cpp */ = {isa = PBXFileReference; fileEncoding = 4; lastKnownFileType = sourcecode.cpp.cpp; path = MT_BlobExtras.cpp; sourceTree = "<group>"; };
		3797F2D8112DD8C0006F6055 /* MT_BlobExtras.h */ = {isa = PBXFileReference; fileEncoding = 4; lastKnownFileType = sourcecode.c.h; path = MT_BlobExtras.h; sourceTree = "<group>"; };
		3797F2D9112DD8C0006F6055 /* MT_HungarianMatcher.cpp */ = {isa = PBXFileReference; fileEncoding = 4; lastKnownFileType = sourcecode.cpp.cpp; path = MT_HungarianMatcher.cpp; sourceTree = "<group>"; };
		3797F2DA112DD8C0006F6055 /* MT_HungarianMatcher.h */ = {isa = PBXFileReference; fileEncoding = 4; lastKnownFileType = sourcecode.c.h; path = MT_HungarianMatcher.h; sourceTree = "<group>"; };
		3797F2DB112DD8C0006F6055 /* MT_MakeBackgroundFrame.cpp */ = {isa = PBXFileReference; fileEncoding = 4; lastKnownFileType = sourcecode.cpp.cpp; path = MT_MakeBackgroundFrame.cpp; sourceTree = "<group>"; };
		3797F2DC112DD8C0006F6055 /* MT_MakeBackgroundFrame.h */ = {isa = PBXFileReference; fileEncoding = 4; lastKnownFileType = sourcecode.c.h; path = MT_MakeBackgroundFrame.h; sourceTree = "<group>"; };
		3797F2DE112DD8C0006F6055 /* MT_CreateBackgroundDialog.cpp */ = {isa = PBXFileReference; fileEncoding = 4; lastKnownFileType = sourcecode.cpp.cpp; path = MT_CreateBackgroundDialog.cpp; sourceTree = "<group>"; };
		3797F2DF112DD8C0006F6055 /* MT_CreateBackgroundDialog.h */ = {isa = PBXFileReference; fileEncoding = 4; lastKnownFileType = sourcecode.c.h; path = MT_CreateBackgroundDialog.h; sourceTree = "<group>"; };
		3797F2E2112DD8C0006F6055 /* GYBlobs.cpp */ = {isa = PBXFileReference; fileEncoding = 4; lastKnownFileType = sourcecode.cpp.cpp; path = GYBlobs.cpp; sourceTree = "<group>"; };
		3797F2E3112DD8C0006F6055 /* GYBlobs.h */ = {isa = PBXFileReference; fileEncoding = 4; lastKnownFileType = sourcecode.c.h; path = GYBlobs.h; sourceTree = "<group>"; };
		3797F2E4112DD8C0006F6055 /* GYSegmenter.cpp */ = {isa = PBXFileReference; fileEncoding = 4; lastKnownFileType = sourcecode.cpp.cpp; path = GYSegmenter.cpp; sourceTree = "<group>"; };
		3797F2E5112DD8C0006F6055 /* GYSegmenter.h */ = {isa = PBXFileReference; fileEncoding = 4; lastKnownFileType = sourcecode.c.h; path = GYSegmenter.h; sourceTree = "<group>"; };
		3797F2E6112DD8C0006F6055 /* MixGaussians.cpp */ = {isa = PBXFileReference; fileEncoding = 4; lastKnownFileType = sourcecode.cpp.cpp; path = MixGaussians.cpp; sourceTree = "<group>"; };
		3797F2E7112DD8C0006F6055 /* MixGaussians.h */ = {isa = PBXFileReference; fileEncoding = 4; lastKnownFileType = sourcecode.c.h; path = MixGaussians.h; sourceTree = "<group>"; };
		3797F2E9112DD8C0006F6055 /* YABlobber.cpp */ = {isa = PBXFileReference; fileEncoding = 4; lastKnownFileType = sourcecode.cpp.cpp; path = YABlobber.cpp; sourceTree = "<group>"; };
		3797F2EA112DD8C0006F6055 /* YABlobber.h */ = {isa = PBXFileReference; fileEncoding = 4; lastKnownFileType = sourcecode.c.h; path = YABlobber.h; sourceTree = "<group>"; };
		3797F2EB112DD8C0006F6055 /* YASegmenter.cpp */ = {isa = PBXFileReference; fileEncoding = 4; lastKnownFileType = sourcecode.cpp.cpp; path = YASegmenter.cpp; sourceTree = "<group>"; };
		3797F2EC112DD8C0006F6055 /* YASegmenter.h */ = {isa = PBXFileReference; fileEncoding = 4; lastKnownFileType = sourcecode.c.h; path = YASegmenter.h; sourceTree = "<group>"; };
		3797F310112DD9F3006F6055 /* libMT_Core.a */ = {isa = PBXFileReference; explicitFileType = archive.ar; includeInIndex = 0; path = libMT_Core.a; sourceTree = BUILT_PRODUCTS_DIR; };
		3797F3D8112E024D006F6055 /* libMT_GUI.a */ = {isa = PBXFileReference; explicitFileType = archive.ar; includeInIndex = 0; path = libMT_GUI.a; sourceTree = BUILT_PRODUCTS_DIR; };
		3797F408112E05AC006F6055 /* libMT_Tracking.a */ = {isa = PBXFileReference; explicitFileType = archive.ar; includeInIndex = 0; path = libMT_Tracking.a; sourceTree = BUILT_PRODUCTS_DIR; };
		3797F442112E068B006F6055 /* OpenCV.framework */ = {isa = PBXFileReference; lastKnownFileType = wrapper.framework; path = OpenCV.framework; sourceTree = "<group>"; };
		3797F45A112E0904006F6055 /* libMT_Robot.a */ = {isa = PBXFileReference; explicitFileType = archive.ar; includeInIndex = 0; path = libMT_Robot.a; sourceTree = BUILT_PRODUCTS_DIR; };
		3797F5F8112F4622006F6055 /* SteeredRobot.cpp */ = {isa = PBXFileReference; fileEncoding = 4; lastKnownFileType = sourcecode.cpp.cpp; path = SteeredRobot.cpp; sourceTree = "<group>"; };
		3797F68911305C61006F6055 /* MT_Core.h */ = {isa = PBXFileReference; fileEncoding = 4; lastKnownFileType = sourcecode.c.h; path = MT_Core.h; sourceTree = "<group>"; };
		3797F6AA11308588006F6055 /* MT_GUI.h */ = {isa = PBXFileReference; fileEncoding = 4; lastKnownFileType = sourcecode.c.h; path = MT_GUI.h; sourceTree = "<group>"; };
		3797F6AB1130859C006F6055 /* MT_Robot.h */ = {isa = PBXFileReference; fileEncoding = 4; lastKnownFileType = sourcecode.c.h; path = MT_Robot.h; sourceTree = "<group>"; };
		3797F6AC113085AF006F6055 /* MT_Tracking.h */ = {isa = PBXFileReference; fileEncoding = 4; lastKnownFileType = sourcecode.c.h; path = MT_Tracking.h; sourceTree = "<group>"; };
		3797F6BE1130889F006F6055 /* MT.h */ = {isa = PBXFileReference; fileEncoding = 4; lastKnownFileType = sourcecode.c.h; path = MT.h; sourceTree = "<group>"; };
/* End PBXFileReference section */

/* Begin PBXFrameworksBuildPhase section */
		3797F30E112DD9F3006F6055 /* Frameworks */ = {
			isa = PBXFrameworksBuildPhase;
			buildActionMask = 2147483647;
			files = (
				3797F4D7112E0FDD006F6055 /* OpenCV.framework in Frameworks */,
			);
			runOnlyForDeploymentPostprocessing = 0;
		};
		3797F3D6112E024D006F6055 /* Frameworks */ = {
			isa = PBXFrameworksBuildPhase;
			buildActionMask = 2147483647;
			files = (
			);
			runOnlyForDeploymentPostprocessing = 0;
		};
		3797F406112E05AB006F6055 /* Frameworks */ = {
			isa = PBXFrameworksBuildPhase;
			buildActionMask = 2147483647;
			files = (
				3797F443112E068B006F6055 /* OpenCV.framework in Frameworks */,
			);
			runOnlyForDeploymentPostprocessing = 0;
		};
		3797F458112E0904006F6055 /* Frameworks */ = {
			isa = PBXFrameworksBuildPhase;
			buildActionMask = 2147483647;
			files = (
				3797F4B3112E0969006F6055 /* OpenCV.framework in Frameworks */,
			);
			runOnlyForDeploymentPostprocessing = 0;
		};
/* End PBXFrameworksBuildPhase section */

/* Begin PBXGroup section */
		3797F22A112DD762006F6055 = {
			isa = PBXGroup;
			children = (
				3797F442112E068B006F6055 /* OpenCV.framework */,
				3797F244112DD8C0006F6055 /* MT */,
				3797F311112DD9F3006F6055 /* Products */,
			);
			sourceTree = "<group>";
		};
		3797F244112DD8C0006F6055 /* MT */ = {
			isa = PBXGroup;
			children = (
				3797F245112DD8C0006F6055 /* MT_Core */,
				3797F273112DD8C0006F6055 /* MT_GUI */,
				3797F28E112DD8C0006F6055 /* MT_Robot */,
				3797F2AE112DD8C0006F6055 /* MT_Tracking */,
				3797F6BE1130889F006F6055 /* MT.h */,
			);
			path = MT;
			sourceTree = "<group>";
		};
		3797F245112DD8C0006F6055 /* MT_Core */ = {
			isa = PBXGroup;
			children = (
				3797F246112DD8C0006F6055 /* 3rdparty */,
				3797F24F112DD8C0006F6055 /* fileio */,
				3797F258112DD8C0006F6055 /* gl */,
				3797F25D112DD8C0006F6055 /* primitives */,
				3797F270112DD8C0006F6055 /* support */,
				3797F68911305C61006F6055 /* MT_Core.h */,
			);
			path = MT_Core;
			sourceTree = "<group>";
		};
		3797F246112DD8C0006F6055 /* 3rdparty */ = {
			isa = PBXGroup;
			children = (
				3797F247112DD8C0006F6055 /* tinyxml */,
			);
			path = 3rdparty;
			sourceTree = "<group>";
		};
		3797F247112DD8C0006F6055 /* tinyxml */ = {
			isa = PBXGroup;
			children = (
				3797F248112DD8C0006F6055 /* readme.tinyxml */,
				3797F249112DD8C0006F6055 /* tinystr.cpp */,
				3797F24A112DD8C0006F6055 /* tinystr.h */,
				3797F24B112DD8C0006F6055 /* tinyxml.cpp */,
				3797F24C112DD8C0006F6055 /* tinyxml.h */,
				3797F24D112DD8C0006F6055 /* tinyxmlerror.cpp */,
				3797F24E112DD8C0006F6055 /* tinyxmlparser.cpp */,
			);
			path = tinyxml;
			sourceTree = "<group>";
		};
		3797F24F112DD8C0006F6055 /* fileio */ = {
			isa = PBXGroup;
			children = (
				3797F250112DD8C0006F6055 /* ExperimentDataFile.cpp */,
				3797F251112DD8C0006F6055 /* ExperimentDataFile.h */,
				3797F252112DD8C0006F6055 /* MovieExporter.cpp */,
				3797F253112DD8C0006F6055 /* MovieExporter.h */,
				3797F254112DD8C0006F6055 /* ParticleFile.cpp */,
				3797F255112DD8C0006F6055 /* ParticleFile.h */,
				3797F256112DD8C0006F6055 /* XMLSupport.cpp */,
				3797F257112DD8C0006F6055 /* XMLSupport.h */,
			);
			path = fileio;
			sourceTree = "<group>";
		};
		3797F258112DD8C0006F6055 /* gl */ = {
			isa = PBXGroup;
			children = (
				3797F259112DD8C0006F6055 /* glImageSupport.cpp */,
				3797F25A112DD8C0006F6055 /* glImageSupport.h */,
				3797F25B112DD8C0006F6055 /* glSupport.cpp */,
				3797F25C112DD8C0006F6055 /* glSupport.h */,
			);
			path = gl;
			sourceTree = "<group>";
		};
		3797F25D112DD8C0006F6055 /* primitives */ = {
			isa = PBXGroup;
			children = (
				3797F25E112DD8C0006F6055 /* agent.cpp */,
				3797F25F112DD8C0006F6055 /* agent.h */,
				3797F260112DD8C0006F6055 /* BoundingBox.cpp */,
				3797F261112DD8C0006F6055 /* BoundingBox.h */,
				3797F262112DD8C0006F6055 /* BufferAgent.cpp */,
				3797F263112DD8C0006F6055 /* BufferAgent.h */,
				3797F264112DD8C0006F6055 /* Choice.cpp */,
				3797F265112DD8C0006F6055 /* Choice.h */,
				3797F266112DD8C0006F6055 /* Color.cpp */,
				3797F267112DD8C0006F6055 /* Color.h */,
				3797F268112DD8C0006F6055 /* DataGroup.cpp */,
				3797F269112DD8C0006F6055 /* DataGroup.h */,
				3797F26A112DD8C0006F6055 /* R3.cpp */,
				3797F26B112DD8C0006F6055 /* R3.h */,
				3797F26C112DD8C0006F6055 /* Rectangle.cpp */,
				3797F26D112DD8C0006F6055 /* Rectangle.h */,
				3797F26E112DD8C0006F6055 /* ringbuffer.cpp */,
				3797F26F112DD8C0006F6055 /* ringbuffer.h */,
			);
			path = primitives;
			sourceTree = "<group>";
		};
		3797F270112DD8C0006F6055 /* support */ = {
			isa = PBXGroup;
			children = (
				3797F271112DD8C0006F6055 /* mathsupport.cpp */,
				3797F272112DD8C0006F6055 /* mathsupport.h */,
			);
			path = support;
			sourceTree = "<group>";
		};
		3797F273112DD8C0006F6055 /* MT_GUI */ = {
			isa = PBXGroup;
			children = (
				3797F274112DD8C0006F6055 /* base */,
				3797F27B112DD8C0006F6055 /* dialogs */,
				3797F286112DD8C0006F6055 /* server */,
				3797F289112DD8C0006F6055 /* support */,
				3797F6AA11308588006F6055 /* MT_GUI.h */,
			);
			path = MT_GUI;
			sourceTree = "<group>";
		};
		3797F274112DD8C0006F6055 /* base */ = {
			isa = PBXGroup;
			children = (
				3797F275112DD8C0006F6055 /* MT_AppBase.cpp */,
				3797F276112DD8C0006F6055 /* MT_AppBase.h */,
				3797F277112DD8C0006F6055 /* MT_ControlFrameBase.cpp */,
				3797F278112DD8C0006F6055 /* MT_ControlFrameBase.h */,
				3797F279112DD8C0006F6055 /* MT_FrameBase.cpp */,
				3797F27A112DD8C0006F6055 /* MT_FrameBase.h */,
			);
			path = base;
			sourceTree = "<group>";
		};
		3797F27B112DD8C0006F6055 /* dialogs */ = {
			isa = PBXGroup;
			children = (
				3797F27C112DD8C0006F6055 /* MT_DataDialogs.cpp */,
				3797F27D112DD8C0006F6055 /* MT_DataDialogs.h */,
				3797F27E112DD8C0006F6055 /* MT_DialogManagement.cpp */,
				3797F27F112DD8C0006F6055 /* MT_DialogManagement.h */,
				3797F280112DD8C0006F6055 /* MT_MovieExporterDialog.cpp */,
				3797F281112DD8C0006F6055 /* MT_MovieExporterDialog.h */,
				3797F282112DD8C0006F6055 /* MT_NumericInputDialog.cpp */,
				3797F283112DD8C0006F6055 /* MT_NumericInputDialog.h */,
				3797F284112DD8C0006F6055 /* MT_ParameterDialog.cpp */,
				3797F285112DD8C0006F6055 /* MT_ParameterDialog.h */,
			);
			path = dialogs;
			sourceTree = "<group>";
		};
		3797F286112DD8C0006F6055 /* server */ = {
			isa = PBXGroup;
			children = (
				3797F287112DD8C0006F6055 /* MT_Server.cpp */,
				3797F288112DD8C0006F6055 /* MT_Server.h */,
			);
			path = server;
			sourceTree = "<group>";
		};
		3797F289112DD8C0006F6055 /* support */ = {
			isa = PBXGroup;
			children = (
				3797F28A112DD8C0006F6055 /* wxSupport.cpp */,
				3797F28B112DD8C0006F6055 /* wxSupport.h */,
				3797F28C112DD8C0006F6055 /* wxXMLSupport.cpp */,
				3797F28D112DD8C0006F6055 /* wxXMLSupport.h */,
			);
			path = support;
			sourceTree = "<group>";
		};
		3797F28E112DD8C0006F6055 /* MT_Robot */ = {
			isa = PBXGroup;
			children = (
				3797F28F112DD8C0006F6055 /* 3rdparty */,
				3797F298112DD8C0006F6055 /* base */,
				3797F29B112DD8C0006F6055 /* dialogs */,
				3797F2A2112DD8C0006F6055 /* io */,
				3797F2A7112DD8C0006F6055 /* robot */,
				3797F6AB1130859C006F6055 /* MT_Robot.h */,
			);
			path = MT_Robot;
			sourceTree = "<group>";
		};
		3797F28F112DD8C0006F6055 /* 3rdparty */ = {
			isa = PBXGroup;
			children = (
				3797F290112DD8C0006F6055 /* Win32Com */,
			);
			path = 3rdparty;
			sourceTree = "<group>";
		};
		3797F290112DD8C0006F6055 /* Win32Com */ = {
			isa = PBXGroup;
			children = (
				3797F291112DD8C0006F6055 /* Serial.cpp */,
				3797F292112DD8C0006F6055 /* Serial.h */,
				3797F293112DD8C0006F6055 /* SerialEx.cpp */,
				3797F294112DD8C0006F6055 /* SerialEx.h */,
				3797F295112DD8C0006F6055 /* SerialMFC.h */,
				3797F296112DD8C0006F6055 /* SerialWnd.cpp */,
				3797F297112DD8C0006F6055 /* SerialWnd.h */,
			);
			path = Win32Com;
			sourceTree = "<group>";
		};
		3797F298112DD8C0006F6055 /* base */ = {
			isa = PBXGroup;
			children = (
				3797F299112DD8C0006F6055 /* MT_RobotFrameBase.cpp */,
				3797F29A112DD8C0006F6055 /* MT_RobotFrameBase.h */,
			);
			path = base;
			sourceTree = "<group>";
		};
		3797F29B112DD8C0006F6055 /* dialogs */ = {
			isa = PBXGroup;
			children = (
				3797F29C112DD8C0006F6055 /* MT_JoyStickFrame.cpp */,
				3797F29D112DD8C0006F6055 /* MT_JoyStickFrame.h */,
				3797F29E112DD8C0006F6055 /* MT_RobotCommandDialog.cpp */,
				3797F29F112DD8C0006F6055 /* MT_RobotCommandDialog.h */,
				3797F2A0112DD8C0006F6055 /* MT_RobotConnectDialog.cpp */,
				3797F2A1112DD8C0006F6055 /* MT_RobotConnectDialog.h */,
			);
			path = dialogs;
			sourceTree = "<group>";
		};
		3797F2A2112DD8C0006F6055 /* io */ = {
			isa = PBXGroup;
			children = (
				3797F2A3112DD8C0006F6055 /* ComIO.cpp */,
				3797F2A4112DD8C0006F6055 /* ComIO.h */,
				3797F2A5112DD8C0006F6055 /* gamepad.cpp */,
				3797F2A6112DD8C0006F6055 /* gamepad.h */,
			);
			path = io;
			sourceTree = "<group>";
		};
		3797F2A7112DD8C0006F6055 /* robot */ = {
			isa = PBXGroup;
			children = (
				3797F5F8112F4622006F6055 /* SteeredRobot.cpp */,
				3797F2A8112DD8C0006F6055 /* AllRobotContainer.cpp */,
				3797F2A9112DD8C0006F6055 /* AllRobotContainer.h */,
				3797F2AA112DD8C0006F6055 /* GamePadController.cpp */,
				3797F2AB112DD8C0006F6055 /* GamePadController.h */,
				3797F2AC112DD8C0006F6055 /* MiaBotPro.cpp */,
				3797F2AD112DD8C0006F6055 /* MiaBotPro.h */,
			);
			path = robot;
			sourceTree = "<group>";
		};
		3797F2AE112DD8C0006F6055 /* MT_Tracking */ = {
			isa = PBXGroup;
			children = (
				3797F2AF112DD8C0006F6055 /* 3rdparty */,
				3797F2CC112DD8C0006F6055 /* base */,
				3797F2D1112DD8C0006F6055 /* capture */,
				3797F2D6112DD8C0006F6055 /* cv */,
				3797F2DD112DD8C0006F6055 /* dialogs */,
				3797F2E0112DD8C0006F6055 /* trackers */,
				3797F6AC113085AF006F6055 /* MT_Tracking.h */,
			);
			path = MT_Tracking;
			sourceTree = "<group>";
		};
		3797F2AF112DD8C0006F6055 /* 3rdparty */ = {
			isa = PBXGroup;
			children = (
				3797F2B0112DD8C0006F6055 /* cvBlobsLib */,
				3797F2BD112DD8C0006F6055 /* libhungarian-0.3 */,
			);
			path = 3rdparty;
			sourceTree = "<group>";
		};
		3797F2B0112DD8C0006F6055 /* cvBlobsLib */ = {
			isa = PBXGroup;
			children = (
				3797F2B1112DD8C0006F6055 /* blob.cpp */,
				3797F2B2112DD8C0006F6055 /* blob.h */,
				3797F2B3112DD8C0006F6055 /* BlobContour.cpp */,
				3797F2B4112DD8C0006F6055 /* BlobContour.h */,
				3797F2B5112DD8C0006F6055 /* BlobLibraryConfiguration.h */,
				3797F2B6112DD8C0006F6055 /* BlobOperators.cpp */,
				3797F2B7112DD8C0006F6055 /* BlobOperators.h */,
				3797F2B8112DD8C0006F6055 /* BlobResult.cpp */,
				3797F2B9112DD8C0006F6055 /* BlobResult.h */,
				3797F2BA112DD8C0006F6055 /* BlobResult_t.h */,
				3797F2BB112DD8C0006F6055 /* ComponentLabeling.cpp */,
				3797F2BC112DD8C0006F6055 /* ComponentLabeling.h */,
			);
			path = cvBlobsLib;
			sourceTree = "<group>";
		};
		3797F2BD112DD8C0006F6055 /* libhungarian-0.3 */ = {
			isa = PBXGroup;
			children = (
				3797F2BF112DD8C0006F6055 /* hungarian.c */,
				3797F2C0112DD8C0006F6055 /* hungarian.h */,
				3797F2C1112DD8C0006F6055 /* linreg.py */,
				3797F2C2112DD8C0006F6055 /* Makefile */,
				3797F2C3112DD8C0006F6055 /* makeprob.c */,
				3797F2C4112DD8C0006F6055 /* python */,
				3797F2C9112DD8C0006F6055 /* README */,
				3797F2CA112DD8C0006F6055 /* test.c */,
				3797F2CB112DD8C0006F6055 /* timetest.c */,
			);
			path = "libhungarian-0.3";
			sourceTree = "<group>";
		};
		3797F2C4112DD8C0006F6055 /* python */ = {
			isa = PBXGroup;
			children = (
				3797F2C5112DD8C0006F6055 /* pyhungarian.c */,
				3797F2C6112DD8C0006F6055 /* pyhungarian.h */,
				3797F2C7112DD8C0006F6055 /* pytest.py */,
				3797F2C8112DD8C0006F6055 /* setup.py */,
			);
			path = python;
			sourceTree = "<group>";
		};
		3797F2CC112DD8C0006F6055 /* base */ = {
			isa = PBXGroup;
			children = (
				3797F2CD112DD8C0006F6055 /* MT_TrackerBase.cpp */,
				3797F2CE112DD8C0006F6055 /* MT_TrackerBase.h */,
				3797F2CF112DD8C0006F6055 /* MT_TrackerFrameBase.cpp */,
				3797F2D0112DD8C0006F6055 /* MT_TrackerFrameBase.h */,
			);
			path = base;
			sourceTree = "<group>";
		};
		3797F2D1112DD8C0006F6055 /* capture */ = {
			isa = PBXGroup;
			children = (
				3797F2D2112DD8C0006F6055 /* MT_Capture.cpp */,
				3797F2D3112DD8C0006F6055 /* MT_Capture.h */,
				3797F2D4112DD8C0006F6055 /* MT_Capture_Interfaces.cpp */,
				3797F2D5112DD8C0006F6055 /* MT_Capture_Interfaces.h */,
			);
			path = capture;
			sourceTree = "<group>";
		};
		3797F2D6112DD8C0006F6055 /* cv */ = {
			isa = PBXGroup;
			children = (
				3797F2D7112DD8C0006F6055 /* MT_BlobExtras.cpp */,
				3797F2D8112DD8C0006F6055 /* MT_BlobExtras.h */,
				3797F2D9112DD8C0006F6055 /* MT_HungarianMatcher.cpp */,
				3797F2DA112DD8C0006F6055 /* MT_HungarianMatcher.h */,
				3797F2DB112DD8C0006F6055 /* MT_MakeBackgroundFrame.cpp */,
				3797F2DC112DD8C0006F6055 /* MT_MakeBackgroundFrame.h */,
			);
			path = cv;
			sourceTree = "<group>";
		};
		3797F2DD112DD8C0006F6055 /* dialogs */ = {
			isa = PBXGroup;
			children = (
				3797F2DE112DD8C0006F6055 /* MT_CreateBackgroundDialog.cpp */,
				3797F2DF112DD8C0006F6055 /* MT_CreateBackgroundDialog.h */,
			);
			path = dialogs;
			sourceTree = "<group>";
		};
		3797F2E0112DD8C0006F6055 /* trackers */ = {
			isa = PBXGroup;
			children = (
				3797F2E1112DD8C0006F6055 /* GY */,
				3797F2E8112DD8C0006F6055 /* YA */,
			);
			path = trackers;
			sourceTree = "<group>";
		};
		3797F2E1112DD8C0006F6055 /* GY */ = {
			isa = PBXGroup;
			children = (
				3797F2E2112DD8C0006F6055 /* GYBlobs.cpp */,
				3797F2E3112DD8C0006F6055 /* GYBlobs.h */,
				3797F2E4112DD8C0006F6055 /* GYSegmenter.cpp */,
				3797F2E5112DD8C0006F6055 /* GYSegmenter.h */,
				3797F2E6112DD8C0006F6055 /* MixGaussians.cpp */,
				3797F2E7112DD8C0006F6055 /* MixGaussians.h */,
			);
			path = GY;
			sourceTree = "<group>";
		};
		3797F2E8112DD8C0006F6055 /* YA */ = {
			isa = PBXGroup;
			children = (
				3797F2E9112DD8C0006F6055 /* YABlobber.cpp */,
				3797F2EA112DD8C0006F6055 /* YABlobber.h */,
				3797F2EB112DD8C0006F6055 /* YASegmenter.cpp */,
				3797F2EC112DD8C0006F6055 /* YASegmenter.h */,
			);
			path = YA;
			sourceTree = "<group>";
		};
		3797F311112DD9F3006F6055 /* Products */ = {
			isa = PBXGroup;
			children = (
				3797F310112DD9F3006F6055 /* libMT_Core.a */,
				3797F3D8112E024D006F6055 /* libMT_GUI.a */,
				3797F408112E05AC006F6055 /* libMT_Tracking.a */,
				3797F45A112E0904006F6055 /* libMT_Robot.a */,
			);
			name = Products;
			sourceTree = "<group>";
		};
/* End PBXGroup section */

/* Begin PBXHeadersBuildPhase section */
		3797F30C112DD9F3006F6055 /* Headers */ = {
			isa = PBXHeadersBuildPhase;
			buildActionMask = 2147483647;
			files = (
			);
			runOnlyForDeploymentPostprocessing = 0;
		};
		3797F3D4112E024D006F6055 /* Headers */ = {
			isa = PBXHeadersBuildPhase;
			buildActionMask = 2147483647;
			files = (
				3797F6AD113085AF006F6055 /* MT_Tracking.h in Headers */,
			);
			runOnlyForDeploymentPostprocessing = 0;
		};
		3797F404112E05AB006F6055 /* Headers */ = {
			isa = PBXHeadersBuildPhase;
			buildActionMask = 2147483647;
			files = (
			);
			runOnlyForDeploymentPostprocessing = 0;
		};
		3797F456112E0904006F6055 /* Headers */ = {
			isa = PBXHeadersBuildPhase;
			buildActionMask = 2147483647;
			files = (
				3797F68A11305C61006F6055 /* MT_Core.h in Headers */,
			);
			runOnlyForDeploymentPostprocessing = 0;
		};
/* End PBXHeadersBuildPhase section */

/* Begin PBXNativeTarget section */
		3797F30F112DD9F3006F6055 /* MT_Core */ = {
			isa = PBXNativeTarget;
			buildConfigurationList = 3797F314112DD9F4006F6055 /* Build configuration list for PBXNativeTarget "MT_Core" */;
			buildPhases = (
				3797F30C112DD9F3006F6055 /* Headers */,
				3797F30D112DD9F3006F6055 /* Sources */,
				3797F30E112DD9F3006F6055 /* Frameworks */,
				3797F3D3112E022A006F6055 /* ShellScript */,
			);
			buildRules = (
			);
			dependencies = (
			);
			name = MT_Core;
			productName = MT_Core;
			productReference = 3797F310112DD9F3006F6055 /* libMT_Core.a */;
			productType = "com.apple.product-type.library.static";
		};
		3797F3D7112E024D006F6055 /* MT_GUI */ = {
			isa = PBXNativeTarget;
			buildConfigurationList = 3797F3DB112E026C006F6055 /* Build configuration list for PBXNativeTarget "MT_GUI" */;
			buildPhases = (
				3797F3D4112E024D006F6055 /* Headers */,
				3797F3D5112E024D006F6055 /* Sources */,
				3797F3D6112E024D006F6055 /* Frameworks */,
				3797F617112F58B1006F6055 /* ShellScript */,
			);
			buildRules = (
			);
			dependencies = (
				3797F4D1112E0F89006F6055 /* PBXTargetDependency */,
			);
			name = MT_GUI;
			productName = MT_GUI;
			productReference = 3797F3D8112E024D006F6055 /* libMT_GUI.a */;
			productType = "com.apple.product-type.library.static";
		};
		3797F407112E05AB006F6055 /* MT_Tracking */ = {
			isa = PBXNativeTarget;
			buildConfigurationList = 3797F43E112E05D4006F6055 /* Build configuration list for PBXNativeTarget "MT_Tracking" */;
			buildPhases = (
				3797F404112E05AB006F6055 /* Headers */,
				3797F405112E05AB006F6055 /* Sources */,
				3797F406112E05AB006F6055 /* Frameworks */,
				3797F619112F58C1006F6055 /* ShellScript */,
			);
			buildRules = (
			);
			dependencies = (
				3797F4D3112E0F9D006F6055 /* PBXTargetDependency */,
				3797F4D5112E0F9D006F6055 /* PBXTargetDependency */,
			);
			name = MT_Tracking;
			productName = MT_Tracking;
			productReference = 3797F408112E05AC006F6055 /* libMT_Tracking.a */;
			productType = "com.apple.product-type.library.static";
		};
		3797F459112E0904006F6055 /* MT_Robot */ = {
			isa = PBXNativeTarget;
			buildConfigurationList = 3797F45D112E0922006F6055 /* Build configuration list for PBXNativeTarget "MT_Robot" */;
			buildPhases = (
				3797F456112E0904006F6055 /* Headers */,
				3797F457112E0904006F6055 /* Sources */,
				3797F458112E0904006F6055 /* Frameworks */,
				3797F61B112F58D1006F6055 /* ShellScript */,
			);
			buildRules = (
			);
			dependencies = (
				3797F4D9112E0FEC006F6055 /* PBXTargetDependency */,
				3797F4DB112E0FEC006F6055 /* PBXTargetDependency */,
				3797F4DD112E0FEC006F6055 /* PBXTargetDependency */,
			);
			name = MT_Robot;
			productName = MT_Robot;
			productReference = 3797F45A112E0904006F6055 /* libMT_Robot.a */;
			productType = "com.apple.product-type.library.static";
		};
/* End PBXNativeTarget section */

/* Begin PBXProject section */
		3797F22C112DD762006F6055 /* Project object */ = {
			isa = PBXProject;
			attributes = {
				BuildIndependentTargetsInParallel = YES;
			};
			buildConfigurationList = 3797F22F112DD762006F6055 /* Build configuration list for PBXProject "MADTraC" */;
			compatibilityVersion = "Xcode 3.0";
			hasScannedForEncodings = 0;
			mainGroup = 3797F22A112DD762006F6055;
			productRefGroup = 3797F311112DD9F3006F6055 /* Products */;
			projectDirPath = "";
			projectRoot = "";
			targets = (
				3797F30F112DD9F3006F6055 /* MT_Core */,
				3797F3D7112E024D006F6055 /* MT_GUI */,
				3797F407112E05AB006F6055 /* MT_Tracking */,
				3797F459112E0904006F6055 /* MT_Robot */,
				3797F6B0113087E4006F6055 /* MT (All) */,
			);
		};
/* End PBXProject section */

/* Begin PBXShellScriptBuildPhase section */
		3797F3D3112E022A006F6055 /* ShellScript */ = {
			isa = PBXShellScriptBuildPhase;
			buildActionMask = 2147483647;
			files = (
			);
			inputPaths = (
			);
			outputPaths = (
			);
			runOnlyForDeploymentPostprocessing = 0;
			shellPath = /bin/sh;
			shellScript = ./misc/build_scripts/xcode_build_phase_script.sh;
		};
		3797F617112F58B1006F6055 /* ShellScript */ = {
			isa = PBXShellScriptBuildPhase;
			buildActionMask = 2147483647;
			files = (
			);
			inputPaths = (
			);
			outputPaths = (
			);
			runOnlyForDeploymentPostprocessing = 0;
			shellPath = /bin/sh;
			shellScript = ./misc/build_scripts/xcode_build_phase_script.sh;
		};
		3797F619112F58C1006F6055 /* ShellScript */ = {
			isa = PBXShellScriptBuildPhase;
			buildActionMask = 2147483647;
			files = (
			);
			inputPaths = (
			);
			outputPaths = (
			);
			runOnlyForDeploymentPostprocessing = 0;
			shellPath = /bin/sh;
			shellScript = ./misc/build_scripts/xcode_build_phase_script.sh;
		};
		3797F61B112F58D1006F6055 /* ShellScript */ = {
			isa = PBXShellScriptBuildPhase;
			buildActionMask = 2147483647;
			files = (
			);
			inputPaths = (
			);
			outputPaths = (
			);
			runOnlyForDeploymentPostprocessing = 0;
			shellPath = /bin/sh;
			shellScript = ./misc/build_scripts/xcode_build_phase_script.sh;
		};
		3797F6BD1130886C006F6055 /* ShellScript */ = {
			isa = PBXShellScriptBuildPhase;
			buildActionMask = 2147483647;
			files = (
			);
			inputPaths = (
			);
			outputPaths = (
			);
			runOnlyForDeploymentPostprocessing = 0;
			shellPath = /bin/sh;
			shellScript = ./misc/build_scripts/xcode_aggregate_script.sh;
		};
/* End PBXShellScriptBuildPhase section */

/* Begin PBXSourcesBuildPhase section */
		3797F30D112DD9F3006F6055 /* Sources */ = {
			isa = PBXSourcesBuildPhase;
			buildActionMask = 2147483647;
			files = (
				3797F36B112DDAFD006F6055 /* agent.cpp in Sources */,
				3797F36D112DDAFD006F6055 /* BoundingBox.cpp in Sources */,
				3797F36F112DDAFD006F6055 /* BufferAgent.cpp in Sources */,
				3797F371112DDAFD006F6055 /* Choice.cpp in Sources */,
				3797F373112DDAFD006F6055 /* Color.cpp in Sources */,
				3797F375112DDAFD006F6055 /* DataGroup.cpp in Sources */,
				3797F377112DDAFD006F6055 /* ExperimentDataFile.cpp in Sources */,
				3797F379112DDAFD006F6055 /* glImageSupport.cpp in Sources */,
				3797F37B112DDAFD006F6055 /* glSupport.cpp in Sources */,
				3797F37D112DDAFD006F6055 /* mathsupport.cpp in Sources */,
				3797F37F112DDAFD006F6055 /* MovieExporter.cpp in Sources */,
				3797F381112DDAFD006F6055 /* ParticleFile.cpp in Sources */,
				3797F383112DDAFD006F6055 /* R3.cpp in Sources */,
				3797F386112DDAFD006F6055 /* Rectangle.cpp in Sources */,
				3797F388112DDAFD006F6055 /* ringbuffer.cpp in Sources */,
				3797F38A112DDAFD006F6055 /* tinystr.cpp in Sources */,
				3797F38C112DDAFD006F6055 /* tinyxml.cpp in Sources */,
				3797F38E112DDAFD006F6055 /* tinyxmlerror.cpp in Sources */,
				3797F38F112DDAFD006F6055 /* tinyxmlparser.cpp in Sources */,
				3797F390112DDAFD006F6055 /* XMLSupport.cpp in Sources */,
			);
			runOnlyForDeploymentPostprocessing = 0;
		};
		3797F3D5112E024D006F6055 /* Sources */ = {
			isa = PBXSourcesBuildPhase;
			buildActionMask = 2147483647;
			files = (
				3797F3DC112E026F006F6055 /* MT_AppBase.cpp in Sources */,
				3797F3DE112E026F006F6055 /* MT_ControlFrameBase.cpp in Sources */,
				3797F3E0112E026F006F6055 /* MT_DataDialogs.cpp in Sources */,
				3797F3E2112E026F006F6055 /* MT_DialogManagement.cpp in Sources */,
				3797F3E4112E026F006F6055 /* MT_FrameBase.cpp in Sources */,
				3797F3E6112E026F006F6055 /* MT_MovieExporterDialog.cpp in Sources */,
				3797F3E8112E026F006F6055 /* MT_NumericInputDialog.cpp in Sources */,
				3797F3EA112E026F006F6055 /* MT_ParameterDialog.cpp in Sources */,
				3797F3EC112E026F006F6055 /* MT_Server.cpp in Sources */,
				3797F3EE112E026F006F6055 /* wxSupport.cpp in Sources */,
				3797F3F0112E026F006F6055 /* wxXMLSupport.cpp in Sources */,
			);
			runOnlyForDeploymentPostprocessing = 0;
		};
		3797F405112E05AB006F6055 /* Sources */ = {
			isa = PBXSourcesBuildPhase;
			buildActionMask = 2147483647;
			files = (
				3797F40B112E05C8006F6055 /* blob.cpp in Sources */,
				3797F40D112E05C8006F6055 /* BlobContour.cpp in Sources */,
				3797F410112E05C8006F6055 /* BlobOperators.cpp in Sources */,
				3797F412112E05C8006F6055 /* BlobResult.cpp in Sources */,
				3797F415112E05C8006F6055 /* ComponentLabeling.cpp in Sources */,
				3797F418112E05C8006F6055 /* GYBlobs.cpp in Sources */,
				3797F41A112E05C8006F6055 /* GYSegmenter.cpp in Sources */,
				3797F41C112E05C8006F6055 /* hungarian.c in Sources */,
				3797F420112E05C8006F6055 /* makeprob.c in Sources */,
				3797F421112E05C8006F6055 /* MixGaussians.cpp in Sources */,
				3797F423112E05C8006F6055 /* MT_BlobExtras.cpp in Sources */,
				3797F425112E05C8006F6055 /* MT_Capture.cpp in Sources */,
				3797F427112E05C8006F6055 /* MT_Capture_Interfaces.cpp in Sources */,
				3797F429112E05C8006F6055 /* MT_CreateBackgroundDialog.cpp in Sources */,
				3797F42B112E05C8006F6055 /* MT_HungarianMatcher.cpp in Sources */,
				3797F42D112E05C8006F6055 /* MT_MakeBackgroundFrame.cpp in Sources */,
				3797F42F112E05C8006F6055 /* MT_TrackerBase.cpp in Sources */,
				3797F431112E05C8006F6055 /* MT_TrackerFrameBase.cpp in Sources */,
			);
			runOnlyForDeploymentPostprocessing = 0;
		};
		3797F457112E0904006F6055 /* Sources */ = {
			isa = PBXSourcesBuildPhase;
			buildActionMask = 2147483647;
			files = (
				3797F45E112E0924006F6055 /* AllRobotContainer.cpp in Sources */,
				3797F460112E0924006F6055 /* ComIO.cpp in Sources */,
				3797F462112E0924006F6055 /* gamepad.cpp in Sources */,
				3797F464112E0924006F6055 /* GamePadController.cpp in Sources */,
				3797F466112E0924006F6055 /* MiaBotPro.cpp in Sources */,
				3797F468112E0924006F6055 /* MT_JoyStickFrame.cpp in Sources */,
				3797F46A112E0924006F6055 /* MT_RobotCommandDialog.cpp in Sources */,
				3797F46C112E0924006F6055 /* MT_RobotConnectDialog.cpp in Sources */,
				3797F46E112E0924006F6055 /* MT_RobotFrameBase.cpp in Sources */,
				3797F5F9112F4623006F6055 /* SteeredRobot.cpp in Sources */,
			);
			runOnlyForDeploymentPostprocessing = 0;
		};
/* End PBXSourcesBuildPhase section */

/* Begin PBXTargetDependency section */
		3797F4D1112E0F89006F6055 /* PBXTargetDependency */ = {
			isa = PBXTargetDependency;
			target = 3797F30F112DD9F3006F6055 /* MT_Core */;
			targetProxy = 3797F4D0112E0F89006F6055 /* PBXContainerItemProxy */;
		};
		3797F4D3112E0F9D006F6055 /* PBXTargetDependency */ = {
			isa = PBXTargetDependency;
			target = 3797F30F112DD9F3006F6055 /* MT_Core */;
			targetProxy = 3797F4D2112E0F9D006F6055 /* PBXContainerItemProxy */;
		};
		3797F4D5112E0F9D006F6055 /* PBXTargetDependency */ = {
			isa = PBXTargetDependency;
			target = 3797F3D7112E024D006F6055 /* MT_GUI */;
			targetProxy = 3797F4D4112E0F9D006F6055 /* PBXContainerItemProxy */;
		};
		3797F4D9112E0FEC006F6055 /* PBXTargetDependency */ = {
			isa = PBXTargetDependency;
			target = 3797F30F112DD9F3006F6055 /* MT_Core */;
			targetProxy = 3797F4D8112E0FEC006F6055 /* PBXContainerItemProxy */;
		};
		3797F4DB112E0FEC006F6055 /* PBXTargetDependency */ = {
			isa = PBXTargetDependency;
			target = 3797F3D7112E024D006F6055 /* MT_GUI */;
			targetProxy = 3797F4DA112E0FEC006F6055 /* PBXContainerItemProxy */;
		};
		3797F4DD112E0FEC006F6055 /* PBXTargetDependency */ = {
			isa = PBXTargetDependency;
			target = 3797F407112E05AB006F6055 /* MT_Tracking */;
			targetProxy = 3797F4DC112E0FEC006F6055 /* PBXContainerItemProxy */;
		};
		3797F6B4113087F8006F6055 /* PBXTargetDependency */ = {
			isa = PBXTargetDependency;
			target = 3797F459112E0904006F6055 /* MT_Robot */;
			targetProxy = 3797F6B3113087F8006F6055 /* PBXContainerItemProxy */;
		};
		3797F6B6113087F8006F6055 /* PBXTargetDependency */ = {
			isa = PBXTargetDependency;
			target = 3797F407112E05AB006F6055 /* MT_Tracking */;
			targetProxy = 3797F6B5113087F8006F6055 /* PBXContainerItemProxy */;
		};
		3797F6B8113087F8006F6055 /* PBXTargetDependency */ = {
			isa = PBXTargetDependency;
			target = 3797F3D7112E024D006F6055 /* MT_GUI */;
			targetProxy = 3797F6B7113087F8006F6055 /* PBXContainerItemProxy */;
		};
		3797F6BA113087F8006F6055 /* PBXTargetDependency */ = {
			isa = PBXTargetDependency;
			target = 3797F30F112DD9F3006F6055 /* MT_Core */;
			targetProxy = 3797F6B9113087F8006F6055 /* PBXContainerItemProxy */;
		};
/* End PBXTargetDependency section */

/* Begin XCBuildConfiguration section */
		3797F22D112DD762006F6055 /* Debug */ = {
			isa = XCBuildConfiguration;
			buildSettings = {
				AR_INC = "~/src/ARlib/include";
				COPY_PHASE_STRIP = NO;
				HEADER_SEARCH_PATHS = $WX_INC;
				USER_HEADER_SEARCH_PATHS = .;
				WX_CXX_FLAGS = "-D__WX__ -DNO_GCC_PRAGMA -D__WXMAC__ -DwxUSE_BASE=1 -D_FILE_OFFSET_BITS=64 -D_LARGE_FILES -D__WXMAC_XCODE__=1 -D__WXDEBUG__=1";
				WX_INC = "~/src/wxLib/include";
			};
			name = Debug;
		};
		3797F22E112DD762006F6055 /* Release */ = {
			isa = XCBuildConfiguration;
			buildSettings = {
				AR_INC = "~/src/ARlib/include";
				COPY_PHASE_STRIP = YES;
				HEADER_SEARCH_PATHS = $WX_INC;
				USER_HEADER_SEARCH_PATHS = .;
				WX_CXX_FLAGS = "-D__WX__ -DNO_GCC_PRAGMA -D__WXMAC__ -DwxUSE_BASE=1 -D_FILE_OFFSET_BITS=64 -D_LARGE_FILES -D__WXMAC_XCODE__=1 -D__WXDEBUG__=1";
				WX_INC = "~/src/wxLib/include";
			};
			name = Release;
		};
		3797F312112DD9F4006F6055 /* Debug */ = {
			isa = XCBuildConfiguration;
			buildSettings = {
				ALWAYS_SEARCH_USER_PATHS = NO;
				COPY_PHASE_STRIP = NO;
				FRAMEWORK_SEARCH_PATHS = (
					"$(inherited)",
					"\"$(SRCROOT)\"",
				);
				GCC_DYNAMIC_NO_PIC = NO;
				GCC_ENABLE_FIX_AND_CONTINUE = YES;
				GCC_MODEL_TUNING = G5;
				GCC_OPTIMIZATION_LEVEL = 0;
				GCC_PRECOMPILE_PREFIX_HEADER = YES;
				GCC_PREFIX_HEADER = "$(SYSTEM_LIBRARY_DIR)/Frameworks/Carbon.framework/Headers/Carbon.h";
				GCC_PREPROCESSOR_DEFINITIONS = MY_TEST;
				INSTALL_PATH = /usr/local/lib;
				ONLY_ACTIVE_ARCH = YES;
				OTHER_LDFLAGS = (
					"-framework",
					Carbon,
				);
				PREBINDING = NO;
				PRODUCT_NAME = MT_Core;
				STANDARD_C_PLUS_PLUS_LIBRARY_TYPE = dynamic;
			};
			name = Debug;
		};
		3797F313112DD9F4006F6055 /* Release */ = {
			isa = XCBuildConfiguration;
			buildSettings = {
				ALWAYS_SEARCH_USER_PATHS = NO;
				COPY_PHASE_STRIP = YES;
				DEBUG_INFORMATION_FORMAT = "dwarf-with-dsym";
				FRAMEWORK_SEARCH_PATHS = (
					"$(inherited)",
					"\"$(SRCROOT)\"",
				);
				GCC_ENABLE_FIX_AND_CONTINUE = NO;
				GCC_MODEL_TUNING = G5;
				GCC_PRECOMPILE_PREFIX_HEADER = YES;
				GCC_PREFIX_HEADER = "$(SYSTEM_LIBRARY_DIR)/Frameworks/Carbon.framework/Headers/Carbon.h";
				GCC_PREPROCESSOR_DEFINITIONS = MY_TEST;
				INSTALL_PATH = /usr/local/lib;
				ONLY_ACTIVE_ARCH = YES;
				OTHER_LDFLAGS = (
					"-framework",
					Carbon,
				);
				PREBINDING = NO;
				PRODUCT_NAME = MT_Core;
				STANDARD_C_PLUS_PLUS_LIBRARY_TYPE = dynamic;
				ZERO_LINK = NO;
			};
			name = Release;
		};
		3797F3D9112E024E006F6055 /* Debug */ = {
			isa = XCBuildConfiguration;
			buildSettings = {
				ALWAYS_SEARCH_USER_PATHS = NO;
				COPY_PHASE_STRIP = NO;
				GCC_DYNAMIC_NO_PIC = NO;
				GCC_ENABLE_FIX_AND_CONTINUE = YES;
				GCC_MODEL_TUNING = G5;
				GCC_OPTIMIZATION_LEVEL = 0;
				GCC_PRECOMPILE_PREFIX_HEADER = YES;
				GCC_PREFIX_HEADER = "$(SYSTEM_LIBRARY_DIR)/Frameworks/Carbon.framework/Headers/Carbon.h";
				INSTALL_PATH = /usr/local/lib;
				OTHER_CPLUSPLUSFLAGS = (
					"$(OTHER_CFLAGS)",
					$WX_CXX_FLAGS,
				);
				OTHER_LDFLAGS = (
					"-framework",
					Carbon,
				);
				PREBINDING = NO;
				PRODUCT_NAME = MT_GUI;
			};
			name = Debug;
		};
		3797F3DA112E024E006F6055 /* Release */ = {
			isa = XCBuildConfiguration;
			buildSettings = {
				ALWAYS_SEARCH_USER_PATHS = NO;
				COPY_PHASE_STRIP = YES;
				DEBUG_INFORMATION_FORMAT = "dwarf-with-dsym";
				GCC_ENABLE_FIX_AND_CONTINUE = NO;
				GCC_MODEL_TUNING = G5;
				GCC_PRECOMPILE_PREFIX_HEADER = YES;
				GCC_PREFIX_HEADER = "$(SYSTEM_LIBRARY_DIR)/Frameworks/Carbon.framework/Headers/Carbon.h";
				INSTALL_PATH = /usr/local/lib;
				OTHER_CPLUSPLUSFLAGS = (
					"$(OTHER_CFLAGS)",
					$WX_CXX_FLAGS,
				);
				OTHER_LDFLAGS = (
					"-framework",
					Carbon,
				);
				PREBINDING = NO;
				PRODUCT_NAME = MT_GUI;
				ZERO_LINK = NO;
			};
			name = Release;
		};
		3797F409112E05AC006F6055 /* Debug */ = {
			isa = XCBuildConfiguration;
			buildSettings = {
				ALWAYS_SEARCH_USER_PATHS = NO;
				COPY_PHASE_STRIP = NO;
				FRAMEWORK_SEARCH_PATHS = (
					"$(inherited)",
					"\"$(SRCROOT)\"",
				);
				GCC_DYNAMIC_NO_PIC = NO;
				GCC_ENABLE_FIX_AND_CONTINUE = YES;
				GCC_MODEL_TUNING = G5;
				GCC_OPTIMIZATION_LEVEL = 0;
				GCC_PRECOMPILE_PREFIX_HEADER = YES;
				GCC_PREFIX_HEADER = "$(SYSTEM_LIBRARY_DIR)/Frameworks/Carbon.framework/Headers/Carbon.h";
				HEADER_SEARCH_PATHS = (
					$AR_INC,
					$WX_INC,
				);
				INSTALL_PATH = /usr/local/lib;
				OTHER_CPLUSPLUSFLAGS = (
					"$(OTHER_CFLAGS)",
					$WX_CXX_FLAGS,
				);
				OTHER_LDFLAGS = (
					"-framework",
					Carbon,
				);
				PREBINDING = NO;
				PRODUCT_NAME = MT_Tracking;
			};
			name = Debug;
		};
		3797F40A112E05AC006F6055 /* Release */ = {
			isa = XCBuildConfiguration;
			buildSettings = {
				ALWAYS_SEARCH_USER_PATHS = NO;
				COPY_PHASE_STRIP = YES;
				DEBUG_INFORMATION_FORMAT = "dwarf-with-dsym";
				FRAMEWORK_SEARCH_PATHS = (
					"$(inherited)",
					"\"$(SRCROOT)\"",
				);
				GCC_ENABLE_FIX_AND_CONTINUE = NO;
				GCC_MODEL_TUNING = G5;
				GCC_PRECOMPILE_PREFIX_HEADER = YES;
				GCC_PREFIX_HEADER = "$(SYSTEM_LIBRARY_DIR)/Frameworks/Carbon.framework/Headers/Carbon.h";
				HEADER_SEARCH_PATHS = (
					$AR_INC,
					$WX_INC,
				);
				INSTALL_PATH = /usr/local/lib;
				OTHER_CPLUSPLUSFLAGS = (
					"$(OTHER_CFLAGS)",
					$WX_CXX_FLAGS,
				);
				OTHER_LDFLAGS = (
					"-framework",
					Carbon,
				);
				PREBINDING = NO;
				PRODUCT_NAME = MT_Tracking;
				ZERO_LINK = NO;
			};
			name = Release;
		};
		3797F45B112E0904006F6055 /* Debug */ = {
			isa = XCBuildConfiguration;
			buildSettings = {
				ALWAYS_SEARCH_USER_PATHS = NO;
				COPY_PHASE_STRIP = NO;
				FRAMEWORK_SEARCH_PATHS = (
					"$(inherited)",
					"\"$(SRCROOT)\"",
				);
				GCC_DYNAMIC_NO_PIC = NO;
				GCC_ENABLE_FIX_AND_CONTINUE = YES;
				GCC_MODEL_TUNING = G5;
				GCC_OPTIMIZATION_LEVEL = 0;
				GCC_PRECOMPILE_PREFIX_HEADER = YES;
				GCC_PREFIX_HEADER = "$(SYSTEM_LIBRARY_DIR)/Frameworks/Carbon.framework/Headers/Carbon.h";
				HEADER_SEARCH_PATHS = (
					$AR_INC,
					$WX_INC,
				);
				INSTALL_PATH = /usr/local/lib;
				OTHER_CPLUSPLUSFLAGS = (
					"$(OTHER_CFLAGS)",
					$WX_CXX_FLAGS,
				);
				OTHER_LDFLAGS = (
					"-framework",
					Carbon,
				);
				PREBINDING = NO;
				PRODUCT_NAME = MT_Robot;
			};
			name = Debug;
		};
		3797F45C112E0904006F6055 /* Release */ = {
			isa = XCBuildConfiguration;
			buildSettings = {
				ALWAYS_SEARCH_USER_PATHS = NO;
				COPY_PHASE_STRIP = YES;
				DEBUG_INFORMATION_FORMAT = "dwarf-with-dsym";
				FRAMEWORK_SEARCH_PATHS = (
					"$(inherited)",
					"\"$(SRCROOT)\"",
				);
				GCC_ENABLE_FIX_AND_CONTINUE = NO;
				GCC_MODEL_TUNING = G5;
				GCC_PRECOMPILE_PREFIX_HEADER = YES;
				GCC_PREFIX_HEADER = "$(SYSTEM_LIBRARY_DIR)/Frameworks/Carbon.framework/Headers/Carbon.h";
				HEADER_SEARCH_PATHS = (
					$AR_INC,
					$WX_INC,
				);
				INSTALL_PATH = /usr/local/lib;
				OTHER_CPLUSPLUSFLAGS = (
					"$(OTHER_CFLAGS)",
					$WX_CXX_FLAGS,
				);
				OTHER_LDFLAGS = (
					"-framework",
					Carbon,
				);
				PREBINDING = NO;
				PRODUCT_NAME = MT_Robot;
				ZERO_LINK = NO;
			};
			name = Release;
		};
		3797F6B1113087E4006F6055 /* Debug */ = {
			isa = XCBuildConfiguration;
			buildSettings = {
				COPY_PHASE_STRIP = NO;
				GCC_DYNAMIC_NO_PIC = NO;
				GCC_OPTIMIZATION_LEVEL = 0;
				PRODUCT_NAME = MT;
			};
			name = Debug;
		};
		3797F6B2113087E4006F6055 /* Release */ = {
			isa = XCBuildConfiguration;
			buildSettings = {
				COPY_PHASE_STRIP = YES;
				DEBUG_INFORMATION_FORMAT = "dwarf-with-dsym";
				GCC_ENABLE_FIX_AND_CONTINUE = NO;
				PRODUCT_NAME = MT;
				ZERO_LINK = NO;
			};
			name = Release;
		};
/* End XCBuildConfiguration section */

/* Begin XCConfigurationList section */
		3797F22F112DD762006F6055 /* Build configuration list for PBXProject "MADTraC" */ = {
			isa = XCConfigurationList;
			buildConfigurations = (
				3797F22D112DD762006F6055 /* Debug */,
				3797F22E112DD762006F6055 /* Release */,
			);
			defaultConfigurationIsVisible = 0;
			defaultConfigurationName = Release;
		};
		3797F314112DD9F4006F6055 /* Build configuration list for PBXNativeTarget "MT_Core" */ = {
			isa = XCConfigurationList;
			buildConfigurations = (
				3797F312112DD9F4006F6055 /* Debug */,
				3797F313112DD9F4006F6055 /* Release */,
			);
			defaultConfigurationIsVisible = 0;
			defaultConfigurationName = Release;
		};
		3797F3DB112E026C006F6055 /* Build configuration list for PBXNativeTarget "MT_GUI" */ = {
			isa = XCConfigurationList;
			buildConfigurations = (
				3797F3D9112E024E006F6055 /* Debug */,
				3797F3DA112E024E006F6055 /* Release */,
			);
			defaultConfigurationIsVisible = 0;
			defaultConfigurationName = Release;
		};
		3797F43E112E05D4006F6055 /* Build configuration list for PBXNativeTarget "MT_Tracking" */ = {
			isa = XCConfigurationList;
			buildConfigurations = (
				3797F409112E05AC006F6055 /* Debug */,
				3797F40A112E05AC006F6055 /* Release */,
			);
			defaultConfigurationIsVisible = 0;
			defaultConfigurationName = Release;
		};
		3797F45D112E0922006F6055 /* Build configuration list for PBXNativeTarget "MT_Robot" */ = {
			isa = XCConfigurationList;
			buildConfigurations = (
				3797F45B112E0904006F6055 /* Debug */,
				3797F45C112E0904006F6055 /* Release */,
			);
			defaultConfigurationIsVisible = 0;
			defaultConfigurationName = Release;
		};
		3797F6BB1130881F006F6055 /* Build configuration list for PBXAggregateTarget "MT (All)" */ = {
			isa = XCConfigurationList;
			buildConfigurations = (
				3797F6B1113087E4006F6055 /* Debug */,
				3797F6B2113087E4006F6055 /* Release */,
			);
			defaultConfigurationIsVisible = 0;
			defaultConfigurationName = Release;
		};
/* End XCConfigurationList section */
	};
	rootObject = 3797F22C112DD762006F6055 /* Project object */;
}
